{
    "_meta": {
        "hash": {
            "sha256": "e8b89da8ff8869dc96467757e0dd37f7afca46d6a6045aeee4228ef547dee300"
        },
        "pipfile-spec": 6,
        "requires": {
            "python_version": "3"
        },
        "sources": [
            {
                "name": "pypi",
                "url": "https://pypi.org/simple",
                "verify_ssl": true
            }
        ]
    },
    "default": {
        "click": {
            "hashes": [
                "sha256:12ff4785d337a1bb490bb7e9c2b1ee5da3112e94a8622f26a6c77f5d2fc6842a",
                "sha256:981153a64e25f12d547d3426c367a4857371575ee7ad18df2a6183ab0545b2a6"
            ],
            "version": "==8.3.1"
        },
        "colorama": {
            "hashes": [
                "sha256:08695f5cb7ed6e0531a20572697297273c47b8cae5a63ffc6d6ed5c201be6e44",
                "sha256:4f1d9991f5acc0ca119f9d443620b77f9d6b33703e51011c16baf57afb285fc6"
            ],
            "markers": "platform_system == 'Windows'",
            "version": "==0.4.6"
        },
        "customtkinter": {
            "hashes": [
                "sha256:14ad3e7cd3cb3b9eb642b9d4e8711ae80d3f79fb82545ad11258eeffb2e6b37c",
                "sha256:fd8db3bafa961c982ee6030dba80b4c2e25858630756b513986db19113d8d207"
            ],
            "version": "==5.2.2"
        },
        "darkdetect": {
            "hashes": [
                "sha256:a7509ccf517eaad92b31c214f593dbcf138ea8a43b2935406bbd565e15527a85",
                "sha256:b5428e1170263eb5dea44c25dc3895edd75e6f52300986353cd63533fe7df8b1"
            ],
            "markers": "python_version >= '3.6'",
            "version": "==0.8.0"
        },
        "hacktools": {
            "extras": [
                "armips",
                "cli",
                "graphics",
                "nds",
                "xdelta"
            ],
            "hashes": [
                "sha256:05180de5582a41539614f16214c9a8439faa730d225e11a50d658d7495a11bfd",
                "sha256:1414f7125a46ca15d3198e0feda5325183f4de4004aaeb454d2f8bb3ec7f92e4",
                "sha256:265a709de8fbdfc014c3ade4400a47280aed74ca87d0023aa556c40c97fe0318",
                "sha256:2a5134ba6db1b09f6cfecdbf515f7ed7a83af168641d47ae490bd88897b9ff0b",
                "sha256:2ba5e7cc8138029026d37732260eb4179f6376d2b69581068671b206ae91d69f",
                "sha256:2e96bcfae3751bfc5f2855e0f273225e82f06452ad8727648101bbe681c75698",
                "sha256:3fa09a6414626e8b7300145000bdb33483adbca0fc5d3c46446f1dfb8756d83a",
                "sha256:4e0e8e39fc5f051eeebc1eeaddf13585b0f8544aac3e30842708be0c852954f1",
                "sha256:4f4d7d94c64112d0fd21a7cd952f5080423f94ebd2f808376d3dbdc6ebe49d9c",
                "sha256:5040463a714457f53b5800d5d8ad5cf3abfdcbc730abb73a355861b63c047818",
                "sha256:50fdda3f25cd6cf28f3c1019d8fc41a5dd3f87c99335be11f9359a7be8cbd7ba",
                "sha256:51ba596bb566f5da7c663879c8b00ca258b7b888bd90f7729e71f947fa81aebd",
                "sha256:52cc463480a9b0224552e32fb3401c2421cca34888ff1975bd0819397f6dc90e",
                "sha256:54cae23cda99feb21fabae74886430daeb6d6b4e73dfadeb05fdeed4188aea45",
                "sha256:5654701eb74e1ecde1f79f5c4df2b16b8955b620dd1eb29f9a51c84962318ecc",
                "sha256:5664053d1f5d8961d563a133af3c9c52da888ca72f09b4f69a10056e5feeab00",
                "sha256:57eca20d9e30e3438a9828d8c4b36adb1bec289ee5608bb8b8d578a78e0e6c91",
                "sha256:5839ff6bbd91bc124de216c547fb9642fa8bcf3f090d699cc196ed7a663a1897",
                "sha256:62c9284794faea7fdad5bebc64c76de16aabe450f6873974d323bed4dfff2c4b",
                "sha256:647d08f71b4c3c53e3a07fc22e056f54d4960182d9785fa4a5b4ad3f7a795ea1",
                "sha256:675784c63a084aacb2434d4f21eda735dfba546c925b37f87872b2f681d5d5ac",
                "sha256:6ba2bd7fc1f7a824c86380fef4ba3ea7082e253bc8ea8985ac43ee0993c76517",
                "sha256:6d58a9e77afea60ddb0f5a07e366629feba92dee0a76464574340fbb10dd768a",
                "sha256:71c334056cabf9d9bbc4a28a33e0cf234520dd048b277c819b41197b520a7d5e",
                "sha256:7378c7fd1a90ce9f91ef5710e67d433d51f367c394d134e9ed63bd2e11df7bff",
                "sha256:77b06843bd42485573e25f0591819b654a67834ea54a177daa3dffabddbac429",
                "sha256:7c82a14dcb9248453d7350356f7a2445d314c37726afa384a7a4bc29c1edae35",
                "sha256:8a4022a297a6561bb0c8e9a6eb89691d36e8805f1a46128f421a30a24a71b8b1",
                "sha256:8c623b602fbf9a0f9af4cec1baa116282d3c310f1cd64220c17f28115bfa83d6",
                "sha256:8d9541286e5c23d65befc39584098f9a8611137c5caa50603773793b4bc04b08",
                "sha256:9053c61deceb80bac85419c6c1d18e78f6c3dc68fca6ca2d86d5858e9c92fdcc",
                "sha256:97f4708b107795bccdd06fb5b303ce7de94f0b1b1dda2274203fd727db5ae2fc",
                "sha256:a5a63002a431f1bf661c0bb3291eb63005a7bc6887b6e0412ba0549e63cfabee",
                "sha256:a5f3272d4b92b2fafefd8d2497ca0ad8f287a6d20fa0793960a0252d7cdaf29e",
                "sha256:ab2fdc4c8c52451796763e88c3bb8f9934db6d155bdb186a1e9a3b22caac3390",
                "sha256:b16d048ea22b10cec86033cf7ffa876d113bcbba40c10f5a96cd2bd1b9769d4a",
                "sha256:beb3f727c91d2530fbebfd35084025620b9d709108ee25d02b59887242f66dac",
                "sha256:c71d77038f38a33fc46c78511ff1f66f99ca00557a3072e48b3c39d6e8cb51bf",
                "sha256:cc0da514e5e54c2db44225840c970304ef7a0d696c6ef9a4b7f26bb2a26eb28e",
                "sha256:d2a1b17630ad1cebafedee03b0624f7a8df68e70bf0ca895ab37c5feca0a382d",
                "sha256:e0307205957e8cea87debe6a1615b1608c344725ac1610ca0f30d95956109e08",
                "sha256:e40c7f0a63b2b83d17fbfd16ad83e3e51c6a80cfc1d01223760cf79ea05c6819",
                "sha256:e4f8051d79f17fe2f8523a7b5d296c763737b284f14ac2864fe008e533cac08b",
                "sha256:ef2c1ee6a96de89179b1c7dfb1cc0b6c4ce937e421ce614a5ce61b27d5236e8c",
                "sha256:efba59c5fdb370546c6655ec87f73145033aea3a53da1bdeacda9ab2370aabdc",
                "sha256:f160c60b81bc207d45aa9b90595e6355d4e10af7055afa018a8948dfe0754391",
                "sha256:f1b4e88eb883dd910e5af08c3d85e89ec1c6a955decf5cc15322e63efd90d2cc",
                "sha256:fd79d864c3d2cede67ecc83dbff02e849a3d6b2766f6d2c0512e8b6879ecdbd9",
                "sha256:fe469c2624799b56126321f7c02503b1d30ed785f650f7677fab1cd0212089d9"
            ],
            "markers": "python_version >= '3.7'",
            "version": "==0.38.7"
        },
        "ndspy": {
            "hashes": [
                "sha256:d3b03e57ef5ba450e766035e1908293f7a6ba1a738736fae42b2c66952abb85b",
                "sha256:f43529628894d202c9c036582cceee18736e83bf1593db34ef6117a163e0054d"
            ],
            "version": "==4.2.0"
        },
        "packaging": {
            "hashes": [
                "sha256:29572ef2b1f17581046b3a2227d5c611fb25ec70ca1ba8554b24b0e69331a484",
                "sha256:d443872c98d677bf60f6a1f2f8c1cb748e8fe762d2bf9d3148b5599295b0fc4f"
            ],
            "markers": "python_version >= '3.8'",
            "version": "==25.0"
        },
        "pillow": {
            "hashes": [
                "sha256:0869154a2d0546545cde61d1789a6524319fc1897d9ee31218eae7a60ccc5643",
                "sha256:09f2d0abef9e4e2f349305a4f8cc784a8a6c2f58a8c4892eea13b10a943bd26e",
                "sha256:0b817e7035ea7f6b942c13aa03bb554fc44fea70838ea21f8eb31c638326584e",
                "sha256:0fd00cac9c03256c8b2ff58f162ebcd2587ad3e1f2e397eab718c47e24d231cc",
                "sha256:110486b79f2d112cf6add83b28b627e369219388f64ef2f960fef9ebaf54c642",
                "sha256:1979f4566bb96c1e50a62d9831e2ea2d1211761e5662afc545fa766f996632f6",
                "sha256:1ac11e8ea4f611c3c0147424eae514028b5e9077dd99ab91e1bd7bc33ff145e1",
                "sha256:1b1b133e6e16105f524a8dec491e0586d072948ce15c9b914e41cdadd209052b",
                "sha256:1ee80a59f6ce048ae13cda1abf7fbd2a34ab9ee7d401c46be3ca685d1999a399",
                "sha256:21f241bdd5080a15bc86d3466a9f6074a9c2c2b314100dd896ac81ee6db2f1ba",
                "sha256:266cd5f2b63ff316d5a1bba46268e603c9caf5606d44f38c2873c380950576ad",
                "sha256:26d9f7d2b604cd23aba3e9faf795787456ac25634d82cd060556998e39c6fa47",
                "sha256:27f95b12453d165099c84f8a8bfdfd46b9e4bda9e0e4b65f0635430027f55739",
                "sha256:2c54c1a783d6d60595d3514f0efe9b37c8808746a66920315bfd34a938d7994b",
                "sha256:2fa5f0b6716fc88f11380b88b31fe591a06c6315e955c096c35715788b339e3f",
                "sha256:32ed80ea8a90ee3e6fa08c21e2e091bba6eda8eccc83dbc34c95169507a91f10",
                "sha256:3830c769decf88f1289680a59d4f4c46c72573446352e2befec9a8512104fa52",
                "sha256:38df9b4bfd3db902c9c2bd369bcacaf9d935b2fff73709429d95cc41554f7b3d",
                "sha256:3adfb466bbc544b926d50fe8f4a4e6abd8c6bffd28a26177594e6e9b2b76572b",
                "sha256:3e42edad50b6909089750e65c91aa09aaf1e0a71310d383f11321b27c224ed8a",
                "sha256:4078242472387600b2ce8d93ade8899c12bf33fa89e55ec89fe126e9d6d5d9e9",
                "sha256:455247ac8a4cfb7b9bc45b7e432d10421aea9fc2e74d285ba4072688a74c2e9d",
                "sha256:4cc6b3b2efff105c6a1656cfe59da4fdde2cda9af1c5e0b58529b24525d0a098",
                "sha256:4cf7fed4b4580601c4345ceb5d4cbf5a980d030fd5ad07c4d2ec589f95f09905",
                "sha256:5193fde9a5f23c331ea26d0cf171fbf67e3f247585f50c08b3e205c7aeb4589b",
                "sha256:5269cc1caeedb67e6f7269a42014f381f45e2e7cd42d834ede3c703a1d915fe3",
                "sha256:53561a4ddc36facb432fae7a9d8afbfaf94795414f5cdc5fc52f28c1dca90371",
                "sha256:55f818bd74fe2f11d4d7cbc65880a843c4075e0ac7226bc1a23261dbea531953",
                "sha256:58eea5ebe51504057dd95c5b77d21700b77615ab0243d8152793dc00eb4faf01",
                "sha256:5d5c411a8eaa2299322b647cd932586b1427367fd3184ffbb8f7a219ea2041ca",
                "sha256:6846bd2d116ff42cba6b646edf5bf61d37e5cbd256425fa089fee4ff5c07a99e",
                "sha256:6ace95230bfb7cd79ef66caa064bbe2f2a1e63d93471c3a2e1f1348d9f22d6b7",
                "sha256:6e51b71417049ad6ab14c49608b4a24d8fb3fe605e5dfabfe523b58064dc3d27",
                "sha256:71db6b4c1653045dacc1585c1b0d184004f0d7e694c7b34ac165ca70c0838082",
                "sha256:7438839e9e053ef79f7112c881cef684013855016f928b168b81ed5835f3e75e",
                "sha256:759de84a33be3b178a64c8ba28ad5c135900359e85fb662bc6e403ad4407791d",
                "sha256:792a2c0be4dcc18af9d4a2dfd8a11a17d5e25274a1062b0ec1c2d79c76f3e7f8",
                "sha256:7d87ef5795da03d742bf49439f9ca4d027cde49c82c5371ba52464aee266699a",
                "sha256:7dfb439562f234f7d57b1ac6bc8fe7f838a4bd49c79230e0f6a1da93e82f1fad",
                "sha256:7fa22993bac7b77b78cae22bad1e2a987ddf0d9015c63358032f84a53f23cdc3",
                "sha256:805ebf596939e48dbb2e4922a1d3852cfc25c38160751ce02da93058b48d252a",
                "sha256:82240051c6ca513c616f7f9da06e871f61bfd7805f566275841af15015b8f98d",
                "sha256:87d4f8125c9988bfbed67af47dd7a953e2fc7b0cc1e7800ec6d2080d490bb353",
                "sha256:8d8ca2b210ada074d57fcee40c30446c9562e542fc46aedc19baf758a93532ee",
                "sha256:8dc232e39d409036af549c86f24aed8273a40ffa459981146829a324e0848b4b",
                "sha256:90387104ee8400a7b4598253b4c406f8958f59fcf983a6cea2b50d59f7d63d0b",
                "sha256:905b0365b210c73afb0ebe9101a32572152dfd1c144c7e28968a331b9217b94a",
                "sha256:99353a06902c2e43b43e8ff74ee65a7d90307d82370604746738a1e0661ccca7",
                "sha256:99a7f72fb6249302aa62245680754862a44179b545ded638cf1fef59befb57ef",
                "sha256:9f0b04c6b8584c2c193babcccc908b38ed29524b29dd464bc8801bf10d746a3a",
                "sha256:9fe611163f6303d1619bbcb653540a4d60f9e55e622d60a3108be0d5b441017a",
                "sha256:a3475b96f5908b3b16c47533daaa87380c491357d197564e0ba34ae75c0f3257",
                "sha256:a6597ff2b61d121172f5844b53f21467f7082f5fb385a9a29c01414463f93b07",
                "sha256:a7921c5a6d31b3d756ec980f2f47c0cfdbce0fc48c22a39347a895f41f4a6ea4",
                "sha256:aa5129de4e174daccbc59d0a3b6d20eaf24417d59851c07ebb37aeb02947987c",
                "sha256:aeaefa96c768fc66818730b952a862235d68825c178f1b3ffd4efd7ad2edcb7c",
                "sha256:afbefa430092f71a9593a99ab6a4e7538bc9eabbf7bf94f91510d3503943edc4",
                "sha256:aff9e4d82d082ff9513bdd6acd4f5bd359f5b2c870907d2b0a9c5e10d40c88fe",
                "sha256:b22bd8c974942477156be55a768f7aa37c46904c175be4e158b6a86e3a6b7ca8",
                "sha256:b290fd8aa38422444d4b50d579de197557f182ef1068b75f5aa8558638b8d0a5",
                "sha256:b2e4b27a6e15b04832fe9bf292b94b5ca156016bbc1ea9c2c20098a0320d6cf6",
                "sha256:b583dc9070312190192631373c6c8ed277254aa6e6084b74bdd0a6d3b221608e",
                "sha256:b87843e225e74576437fd5b6a4c2205d422754f84a06942cfaf1dc32243e45a8",
                "sha256:bc91a56697869546d1b8f0a3ff35224557ae7f881050e99f615e0119bf934b4e",
                "sha256:bd87e140e45399c818fac4247880b9ce719e4783d767e030a883a970be632275",
                "sha256:bde737cff1a975b70652b62d626f7785e0480918dece11e8fef3c0cf057351c3",
                "sha256:bdee52571a343d721fb2eb3b090a82d959ff37fc631e3f70422e0c2e029f3e76",
                "sha256:bee2a6db3a7242ea309aa7ee8e2780726fed67ff4e5b40169f2c940e7eb09227",
                "sha256:beeae3f27f62308f1ddbcfb0690bf44b10732f2ef43758f169d5e9303165d3f9",
                "sha256:c50f36a62a22d350c96e49ad02d0da41dbd17ddc2e29750dbdba4323f85eb4a5",
                "sha256:c607c90ba67533e1b2355b821fef6764d1dd2cbe26b8c1005ae84f7aea25ff79",
                "sha256:c7b2a63fd6d5246349f3d3f37b14430d73ee7e8173154461785e43036ffa96ca",
                "sha256:c828a1ae702fc712978bda0320ba1b9893d99be0badf2647f693cc01cf0f04fa",
                "sha256:c85de1136429c524e55cfa4e033b4a7940ac5c8ee4d9401cc2d1bf48154bbc7b",
                "sha256:c98fa880d695de164b4135a52fd2e9cd7b7c90a9d8ac5e9e443a24a95ef9248e",
                "sha256:cae81479f77420d217def5f54b5b9d279804d17e982e0f2fa19b1d1e14ab5197",
                "sha256:d034140032870024e6b9892c692fe2968493790dd57208b2c37e3fb35f6df3ab",
                "sha256:d120c38a42c234dc9a8c5de7ceaaf899cf33561956acb4941653f8bdc657aa79",
                "sha256:d4827615da15cd59784ce39d3388275ec093ae3ee8d7f0c089b76fa87af756c2",
                "sha256:d49e2314c373f4c2b39446fb1a45ed333c850e09d0c59ac79b72eb3b95397363",
                "sha256:d52610d51e265a51518692045e372a4c363056130d922a7351429ac9f27e70b0",
                "sha256:d64317d2587c70324b79861babb9c09f71fbb780bad212018874b2c013d8600e",
                "sha256:d77153e14b709fd8b8af6f66a3afbb9ed6e9fc5ccf0b6b7e1ced7b036a228782",
                "sha256:d7e091d464ac59d2c7ad8e7e08105eaf9dafbc3883fd7265ffccc2baad6ac925",
                "sha256:dd333073e0cacdc3089525c7df7d39b211bcdf31fc2824e49d01c6b6187b07d0",
                "sha256:e5d8efac84c9afcb40914ab49ba063d94f5dbdf5066db4482c66a992f47a3a3b",
                "sha256:f135c702ac42262573fe9714dfe99c944b4ba307af5eb507abef1667e2cbbced",
                "sha256:f13711b1a5ba512d647a0e4ba79280d3a9a045aaf7e0cc6fbe96b91d4cdf6b0c",
                "sha256:f4f1231b7dec408e8670264ce63e9c71409d9583dd21d32c163e25213ee2a344",
                "sha256:fa3ed2a29a9e9d2d488b4da81dcb54720ac3104a20bf0bd273f1e4648aff5af9",
                "sha256:fb3096c30df99fd01c7bf8e544f392103d0795b9f98ba71a8054bcbf56b255f1"
            ],
            "version": "==12.0.0"
        },
        "pyarmips": {
            "hashes": [
                "sha256:02ae40b7ff1856497b710efec6483fce15326adad3e32046710d6c245f3d8762",
                "sha256:071a25b81374f5f88d6e1f637eb37795d885a4088374cda90d84e3fdb4f33961",
                "sha256:07cce7c77948631a96292866ad0a4fe25f3e22eae177cb72aa978705b1b05bd8",
                "sha256:0c0b085c3aab1c4e2357b0f3ffc33e2764f5900d138120d312a9ecda7c10dfe5",
                "sha256:10145b338271e874dea2b8a0d9dd905453382524bbbe7ec689ff9f8720d7849b",
                "sha256:11437c7c8860fdb3adb2d2fb10be78c538a3e09bb29e8d406c65b204e55147bc",
                "sha256:11762f541849d9769ad5a9fbc41933882d316d6ff186ad2a225fb81a4c1d251c",
                "sha256:1c6cc5ac435ceca48fcd18ceaaa80b5a22f4b0e45a363cc9d1fee3316f9fda0a",
                "sha256:1e63f673d8c3598c31ddc3fffb662d4faff3722561a0f6ffab4587e25820bf50",
                "sha256:22ddd2301864eee1c273d1d1c85e543e1d2a40754f579ca60c3e30f7efffb44d",
                "sha256:231e9b2fb8778d2a992f0facc1f0d8a36821e6f1a123b0b79579d5e3f5d1ddbb",
                "sha256:2cd879be9a0c3aee25d9aa8438b9fd67a6b78b06b66fe8705da0472d258c9b9c",
                "sha256:2dff13fe6ee05b3c7b762ca0ce0df39c1a952b21f1472dd24fa3be4b95738b1d",
                "sha256:2fac30c40b880c1627d3dcf3550e03375f81afa70b5e18c7c40ac66d65505b7a",
                "sha256:32c1ace3c36f8c27c4d1c0aa900401aac5928c3d5551f6dcc55b7be315fff0ae",
                "sha256:37cff62f2ad55834473ec514e668fcdb1583222780b1158cd356d4285e49ab08",
                "sha256:3e4b49c0bf07280e3a8a67567295432e308dee4f1207db4cdc65f1e7f11bcf16",
                "sha256:3ef31acac710d44279875bf71bd4d0ad7aa9c02881890878fd55497ee1743f13",
                "sha256:3f847a2ea50c72d97a4a14b67a7dd3fbce2f57fba719f324024359e61e52cdc4",
                "sha256:3f9f7bb30b681d7e79552dec095309cf091abdb4a1034a4b8c9fbbb479fe1009",
                "sha256:48978933f47aadc593ae536fd71f04bb7df36967340c86e5eabfe1f0f0e4c312",
                "sha256:4f690b7f00c93f0489fd373e877422be9f3ae7956da41e323958ea03bdf6cc15",
                "sha256:521cc141f63368665f0d345a9639b86504da4ec8a0b6c6ccea6e68348f72aa87",
                "sha256:52ff5d853726f7f7940305a787ce9f688e21459ffdc2a697004073d5cf9702de",
                "sha256:58a4be1c159f18d44fe4fc0608d0514ceccd25cdd3bdb477a6804eaa7228022a",
                "sha256:601754a2e531a73a0efc93601aab68c37cd9bfa84e1da5eb72f7660db05a6ef5",
                "sha256:60fdf233fbbe2c74c6d1bd772b5f9d7d52f24544122dc7b01480dc7c32359b24",
                "sha256:616df63eab9bac264505b666b0e627f7ec44877d0a6d679cedbcaca567e7b56e",
                "sha256:644efb3a10fd258cf17e753e7a7e4500ae5c07c4d5e6b775e0c95086454967c5",
                "sha256:6c4a74d88115032c45595dcd020070b176a337a0b0e83471889c56954b766a4c",
                "sha256:73f989e24dda0b1d391ae4cde8154b62d941bc0aa92b0a36f74dda08b91eb321",
                "sha256:7456bebb85253be9ab562e4db3310f50515e5b8708dae6e9d08494e5fffe26be",
                "sha256:7523acccec9bd1e929642fa30c3bfa150141343cacac4e5720000a291db495b4",
                "sha256:7893667effb95a1292c177e764012d829202e14ac058fef94337d2939c84c9f8",
                "sha256:7a77c8c83603e7fb21a0d25d3744787aeea624e8a02ae31fb51faf5bf1b4a0c6",
                "sha256:7e187b88bb894f9d9a3617a0cfe7f5d5caf42d40300a32192946dffda9d8bd73",
                "sha256:86259e0c67dc43e79fb60bdd84d73c57dfe027fc643520a776c6774677e242fc",
                "sha256:8c168d34bf93aeee6ce2ce3a405dcd1fc13c5f0b0bbee7785f1efa1b923f80ab",
                "sha256:9454e992ca121fb1b3963ce9a4f234022d1164b1aa828434c536fe48fa7a131c",
                "sha256:967fec27df69464dfed0f4cf4dbdf2d9b789dcc6f58c9d6ecf5d2818cf6ebaee",
                "sha256:974773d4eefe1a8b43425d7904d1fbc150ede80d962be08cd0aef23fb388e7ab",
                "sha256:9831cf64486c6ad1116b7d635a6a1186b19527b4cf52d37480b75e2cffe9a1c4",
                "sha256:9ca26211237b8b220181a735567c2a41fff2b45da1aa8851e093c93d8a705531",
                "sha256:9dc3ab5eef699d617bc3ff18a3d8275c2c350b83537865fa82b5086e0a27f586",
                "sha256:a1c610da4ad99bad944298cf83c26f779e7ed27f0015dd31ab30724bc0c6be7a",
                "sha256:a5ee19d5f14fa298963ada494f391401ebfc2d611695861b514e84188a6bf5e4",
                "sha256:ac79b4d216a0ec55873d9ed6f27e28da07e61fe19f0cf22f6d4659d6420085ac",
                "sha256:b5ddbee0f54f6c0627a6da6776261c2b11b057dfe57df72dd023c3e5d7fd5bef",
                "sha256:bc4df2901373950ed1b26948acfc02b923fde4a6e0558421dd0d01cd37feffc9",
                "sha256:bce90a973955d4d9f15017b2638bae6357f386afe66af7f2c5593c8050af9813",
                "sha256:c4220a4ffc9e65400837ec8eb7ea7a338ededfcdaf2dc17b6ab159af2051ec01",
                "sha256:c5c96e3160bb50f52659957d503aca5d5138f3769de0c8f1f7e1eafae0e7f54b",
                "sha256:cd47f06c1fff760db3e908fd45314efbe7720c44c9e816dbf558e468cedfe98c",
                "sha256:cffc665a54e9c762152f839e4bce01ba2c6c1cae200a2424492cde086754dba8",
                "sha256:df5678ee98c5e1ec68b05e444c44d186c16bfb4727abe18ee9154692423d7542",
                "sha256:e03280a0458b5fdb60d8a54f6bdede72bb00697641299c7f25ec9985b4a91b3b",
                "sha256:e08cfd91dd6a80f50b7e57ce8627057c7f0c266aa61d698de2a8781e8dc35d01",
                "sha256:e13576f028c4077e9554c77d922caa51e7e398d90e4f84f7916f5f1730848b4c",
                "sha256:e52043bcbb74e06ae73a8da74b9f7bb8ec98ab0cd7869592b53b18403458a760",
                "sha256:e6ced5f7e96ef23eb6c5c8cfe237ef05bb09d6ffcb9678078a45812d98fd3bb6",
                "sha256:ec697b2b66c4d856b299ae8edc762b66eb3bb04b5828e22c4d7fdc2f230fb925",
                "sha256:f0df8a4a7046ee745f20dcd6db39c8f232bbb14dde6e6e7854485513c2ec720f",
                "sha256:f8ae4ca39537ac55e515724a4196cae04a2b53c9f92b9320d54e632a4b22cf3e"
            ],
            "version": "==0.11.3"
        },
        "pyxdelta": {
            "hashes": [
                "sha256:037353c434fb410f48d280b1ea7d38cb2fc36d6d94d84f11b7a3c151df681a46",
                "sha256:06d0645521b14d25d17e4990d84b03c78de6ec88ab61704a8fdf8678017be9a6",
                "sha256:0adf113e04dcba542953b8098d6cbee4eef1347cc9cc446c0428df076fa5ce30",
                "sha256:0b465ef8f86b51a7c1f100db575fd9832be14f934dd60a3b0daa6fa379526a65",
                "sha256:1297ed87c93edd44de7f2e0b28bb9e63936b5b788d7501f09f228aaca642f0dd",
                "sha256:1566d34ab6d634a2d96024fc8409afc85d7b4abb790fe12a8d67bb2baa8bdbfb",
                "sha256:19f1873775627c7ee0f1579003d8e17c10ba9d9d95970cc6350b4ea199ddd408",
                "sha256:1c946d4d34a2011bd8c406021647ce78048c7be4e7d3b343f96d3dd0e548e071",
                "sha256:216e6d225327b395914389bf33d435b807eba6b73ca286bc5181ba1c5d64f120",
                "sha256:25c23f90bc297ad57fd61b8a6288319259cc70d4cc7b77eb8e8e685ee19a92c1",
                "sha256:2915bd11368343de862c85efcfcd4cdb27a80ebc851538ca964bb80c4dc701ff",
                "sha256:3578f48c8300f4f498db7a5b5404749aeecbaa029979823a65315fb21d545c49",
                "sha256:3eacbcd8e68a91b325dfbe4deaf76604202c5b686cd318a575c3e61d10d15748",
                "sha256:4a4bd87289e50e736138bdf97a471a87e40317f3ffee5a27f36d8459304fa62c",
                "sha256:4e73211e74bedad59b801d5856d83d8f74ad2ff89a9e761621c11dc8f6d4ea0f",
                "sha256:4e9c3e5c447dfa97ce48e0b46487459c9345ebbe76bce61c3e2e9c3e34214028",
                "sha256:5af4fa998635221b9fbb44ae500f1e531da5ad79cbf5ba10f7eb62830593f157",
                "sha256:61ce3e0c5182c0491a2255f0929b006e2f4e2de23554e6def3025bc3d4888deb",
                "sha256:6b65f24a693cec260b3b106fb897e3e5bceb8a1b577bbf87ccb86bfa1c4c35d7",
                "sha256:787dcaa99af949229ecb4a4f8dc97de277c3727af9eb52914d904e5fe3fbd58b",
                "sha256:792603fa91450c539b656d87552411ecb64dbc5623d1e4026e7d21ec722136df",
                "sha256:8420171a1763e28a623e04895e2b9618bed2e99bb1b87c863b34c52eb85224ee",
                "sha256:849dbcc92ca1575de0eb022724a35c7310f5e8ea36c0552d6d8e1e758c3ab129",
                "sha256:8837a85d3bb981aaa323f13f656a834af025f17eb7d0c9ba339b89cbc4584e05",
                "sha256:8ace3ad9750d01b0256675c76319a6ebfd6d42063f11e824307a03f89e6a8aad",
                "sha256:8cd482ec511ed6821d91d1406d2c2eaab2f8c342b39725ed576cd21b2e479896",
                "sha256:95554a5129f9e16cd82bf13751a12a6d17ba60a1fa09ff273d540771e4da1bf1",
                "sha256:96baa78e5a929d95f2163ed451c566956021a571da1b246a792198ad18739066",
                "sha256:a0a6010821a8b2487570474ac27d6575925273cf3de3ee27f084ca7d1ddfc3d6",
                "sha256:a31b92428fa44888c91789729e3f09fcd744da1c67e2f267bf35840252c6b00e",
                "sha256:a4136bb75197d7606b8ac4bb10cd1c15631836f6660702ab56bfd5785645be61",
                "sha256:a9338f36f6ac32ed291391a4cf66cb3830e4fc0638cd42393597e56fd1f8d400",
                "sha256:ae124c54f52d7b0b3bff22eb298c3c89658639ff4e46c9c35b55444f1b3c33d1",
                "sha256:b319ffa671ed0c244b501979b5077a091054cfe3f79f6efb50a46cd8cc5853f7",
                "sha256:b5a030bfb79f5460f1108add52026dc0e52311f98bd93ef96ff255e181a1cab7",
                "sha256:c6790a4b08627c6a6a11fc673691a39fd117780507f933552b649491e2f3af82",
                "sha256:d3cdea0eaffcb8864f95fd60b6c121ce32f84915908c872e08d3e6e6a27e9067",
                "sha256:dacd07c473e7a836b501af60dfeaec2cd708a7fe51a57420593ff408c799125b",
                "sha256:dbeb7a4844e72808c3d73e9679be4fd258e96f37c70c02a462859c0f4b0813fa",
                "sha256:e24c5b38be0fc899bf06c418e62dca9fe19d9156ead0b79df90ec39039cfaae5",
                "sha256:e578db9b867eec76e6ec94e7e7da5e76a19ef03cf78c8ba16501f07f61200f43",
                "sha256:e5b561b5d8ecc8d8c44b9a779ac60347477fc764219a6ca1273de9ef805a5c78",
                "sha256:e5eded0169c5d19a62b7baae43e13ab5703a92ae6672ccf74b267399a15fd13f",
                "sha256:e67acedf0c330ad1e4177d33cc7cdfc1e8b78d9409e246602df66ab6d9c8264a",
                "sha256:e6d57695e5f2461621415c50eb53983fe47b2ec6cc605ec10edab342e729c462",
                "sha256:ebfd3722d00671394bfaa1d95dfab503f1a3dd656f1ceb371aea147fbd80563d",
                "sha256:f40f7710899e835db6ce8c5a59c4850de091feb5d771fea8f17d71a1215f6338",
                "sha256:f60e181cd0fc6b6fd97b040595935f2cfd968c51c0739285d5ae06ccd324b74b",
                "sha256:fef1ace69e9b93ef5f39f60f56ba0de1b276be8489be787c9989609219b329b6"
            ],
            "version": "==0.2.3"
        },
        "tqdm": {
            "hashes": [
                "sha256:26445eca388f82e72884e0d580d5464cd801a3ea01e63e5601bdff9ba6a48de2",
                "sha256:f8aef9c52c08c13a65f30ea34f4e5aac3fd1a34959879d7e59e63027286627f2"
            ],
            "version": "==4.67.1"
        }
    },
    "develop": {}
}
