{
    "_meta": {
        "hash": {
            "sha256": "e8b89da8ff8869dc96467757e0dd37f7afca46d6a6045aeee4228ef547dee300"
        },
        "pipfile-spec": 6,
        "requires": {
            "python_version": "3"
        },
        "sources": [
            {
                "name": "pypi",
                "url": "https://pypi.org/simple",
                "verify_ssl": true
            }
        ]
    },
    "default": {
        "click": {
            "hashes": [
                "sha256:27c491cc05d968d271d5a1db13e3b5a184636d9d930f148c50b038f0d0646202",
                "sha256:61a3265b914e850b85317d0b3109c7f8cd35a670f963866005d6ef1d5175a12b"
            ],
            "version": "==8.2.1"
        },
        "colorama": {
            "hashes": [
                "sha256:08695f5cb7ed6e0531a20572697297273c47b8cae5a63ffc6d6ed5c201be6e44",
                "sha256:4f1d9991f5acc0ca119f9d443620b77f9d6b33703e51011c16baf57afb285fc6"
            ],
            "markers": "platform_system == 'Windows'",
            "version": "==0.4.6"
        },
        "customtkinter": {
            "hashes": [
                "sha256:14ad3e7cd3cb3b9eb642b9d4e8711ae80d3f79fb82545ad11258eeffb2e6b37c",
                "sha256:fd8db3bafa961c982ee6030dba80b4c2e25858630756b513986db19113d8d207"
            ],
            "version": "==5.2.2"
        },
        "darkdetect": {
            "hashes": [
                "sha256:a7509ccf517eaad92b31c214f593dbcf138ea8a43b2935406bbd565e15527a85",
                "sha256:b5428e1170263eb5dea44c25dc3895edd75e6f52300986353cd63533fe7df8b1"
            ],
            "markers": "python_version >= '3.6'",
            "version": "==0.8.0"
        },
        "hacktools": {
            "extras": [
                "armips",
                "cli",
                "graphics",
                "nds",
                "xdelta"
            ],
            "hashes": [
                "sha256:0874654f26d75f18187f19b395bf8fd16e3e1102ffdc6850bba5cf95b5fc001f",
                "sha256:0ccd90fb3301e7cc168946178b3d433004408fad3715a668feb9e71157b94c00",
                "sha256:0e0fd47c47af46a37ee3398a9d79f28756e78647d89c4b5ee2312bc6d00ffc00",
                "sha256:0e4b0d975da3d35e457943149f56957d9eb1c3d9092592f188457d8a9bbe19ac",
                "sha256:165af829d5b9f314d9aaeb9aef6e19b7dc8a5c08e609c26e6cb3362d950840fc",
                "sha256:17b617277b1cba99ec1715b3f43927e2234535d879c7b476cb37d30b9c60f0ff",
                "sha256:17e3e7caee43c9b3380eb8776880c4b3f26f8c3d5a2240676bb56ca4892a7854",
                "sha256:196c3b858674891f6c78e742ca686d890b61437d8e90f4402c9ae3f73accd39c",
                "sha256:1b1372d4c6d128cf75341d4fee18e25884a4bd2766d6c421adce6af50f0ff3e6",
                "sha256:1dbde9994ef761e59622a4175e42f1d52f6282f91ef81b34e8226ca5081e420c",
                "sha256:213533e0e58dc1066432de89f4311f8edb6b25b1043e7125c8604c65a276d8c6",
                "sha256:218ed59833aae55e1408368d3e2d1074a4491e31c33564d86ceb1683b1263841",
                "sha256:2274f1a4a3dff44091d56b1268dc2a9471b36357650cf1661348e355c38237a4",
                "sha256:22f0a926feed7e4894cd6ed30e3a818a1d9db13c5e2a29bfb2d0280d84c77ebf",
                "sha256:271e431a5afb7f226989d98103f84a4651c4424fb6b9b5b38743fa047ce5fbfc",
                "sha256:2d7252b715b8584f1fe49af360f4077709ca21e6b629334d0cde86e1735d69f0",
                "sha256:2ddabf666a3bde466d9dc29efe8135c0df0f31d8a8fe32ae43dc764741104f12",
                "sha256:2e35591bf340e6764e84678e826db5e8baf5f4e075668548011ae1ab57e95a60",
                "sha256:2ed0009c5729b1a89681dced1984ccfba40f71d73ac36c47f4ac6674c30dcce4",
                "sha256:33ad8147dc9482ea508372d9118297c73a2755e7a3f67aef7ba39e0b27fb7d05",
                "sha256:3597b651d01826056f9988ffb9398fddacba410278a9883d21cad8a507036358",
                "sha256:37f3e8176cbc5bfcb8cfebd7a6f916c20808613aee0ab50836be08b1001dfbfb",
                "sha256:3ada45d14f6cadf1d8e8a6ab9a9fb0f6a6753410ef4117d2ab80f686aa85f003",
                "sha256:3becd5657ad0e44dff2ed31d80d308f947954d4823fef24a8223b201f3ab686b",
                "sha256:3f8903d731b982658df207644c8803ef8f5cd86cdbb12e1abf9cad6eb3daedf0",
                "sha256:422482a3566f7100185aba400c61df6e31e126b9bcad1287035890a54a1d4a8a",
                "sha256:42df0e2e2ffdc02af824e4654e6c5a6f775b6124186a97bbd4886c1e8cd1b91c",
                "sha256:43a39bd92be7de9cfd370cac68dc903ff74ae1a31b63e32df157654e6af238bb",
                "sha256:486015ff277fb8ada9765de327c1c87364dac0506d6a4818e0cb711221782987",
                "sha256:4e2f671b2fa35b80531a50529b138f30fb80687497f913855a3b9bfc3333e3af",
                "sha256:57a6c4b200feb469a279af446849d83cf50e211bca3dd94c712ad7e1bfbf1a3f",
                "sha256:5983119d62721dc5c7b725ee7a8037f5fe80011716f8fe577886b219ea379890",
                "sha256:5f7c8958480b61060eb7b7c523402f123e9f32c8c70242c5f76482d1fb3a5de7",
                "sha256:609911fd432fef97eef8d804227cb1bab1d8dced068efaf49db70ca13fd10f33",
                "sha256:6474da3415daa56ebfeecb9bf4bd4cdb3e6848150466ec1b4ccf91f0f7204e84",
                "sha256:66b689f395a8d6a4b5b75b19c15969d8f145d3be450c22ea94a5d1f2cb0e7790",
                "sha256:68be2725dc46d80a98ec8f455cc201a75ad294e1ff67bc45520251c2296317ec",
                "sha256:730dbac41167fe1b5cbc32c2a67c0fad9bd210dda29c22c0b74822af4b801ea2",
                "sha256:739352b404171f0c8a24df131c8c54b25fa1481db25be3af092f61e01de8bb8f",
                "sha256:764dbfa5b8d0eb89a039b6eef91cb80bc47cdbc096e08e131bc84a740390c397",
                "sha256:77de12ab3b6d477d4a411a8f9506ba6b71d0e97ebec1c9977b264d1523275d98",
                "sha256:79194e4bdcd969c75444c3b915bb6b4a80b7fa37de3e5e7a6fc69c0767dc9199",
                "sha256:7b68132c2374245acfd787c92e0d4e3329abc07df484386f1a461e19a447c3f3",
                "sha256:7ce7e7f3542bdc48fe814f779504622c242173d13fc57769ef00f67b0d27564b",
                "sha256:86828afcad6eab1c9cd3fd5fdcf606717e7c3b55ced93912039a19f4f2f10dcc",
                "sha256:86d103d5070eed72641b646d9b869c8bdb7bf9c0814d61d8d3d1f27547115ae8",
                "sha256:8798544c5f27de35ad5f5cbc6b797690844b055f5cf3c4b1aa786af5e9226b35",
                "sha256:8b218bd38f36a78621635b93e8ba622193df80793efc654d517f8838e555c9af",
                "sha256:8cf7060c7e1219ef92770ef9a4295f18765dda23bc19109f034c7aa34b9d9c95",
                "sha256:9009aebb47ad20f23987f42089ab226f99cd1b75d47f2dd7ad6bf0b45e0b984f",
                "sha256:98db6ad55b68ece20e27ebe12ae28191ac8ddae41924da7a07c4e5cc6b59d8d2",
                "sha256:a260f9091009964b775e9736808a04b7555fc6a33dd8b1198a368474e4236570",
                "sha256:ad19132263f77c6a7476c9ed51709d92f9e2c7fd09cbd9bfc450954a871c2fdd",
                "sha256:b0b748e1192d6149491609405a12e7434a739706554fd871c3e7783eba8512d4",
                "sha256:b12a89e046505cd95aa5f4b4bfc3bc97d0170d1e22cad7fab8295078c7e0a7d1",
                "sha256:b30ab4b8dc77934b8d406f5e02688b18830781a7153f978fca6dd3cb71db504d",
                "sha256:b55305dfa4b077a15abed7866d49e22986d89ff944a8f722bd82070fe044b633",
                "sha256:b89ba45b4d899f579a4325a23a3dcbba4dab57de24e662e475a0d88321c5bd93",
                "sha256:c1901e5ef90af547c2ab3a458ff4cbfa797b95d5c1de33692ef74b57f05c7a4b",
                "sha256:c337c7d02c68a8e38182c2aed30d5a6efecc33b139a99d046ba19003e2047f34",
                "sha256:c4ac573bebd16c9b2a781a5e62b2ad2a20b9e5038ace159a452e1e5752f0172a",
                "sha256:c9a072ca23c58b8756cf2ce1a98965d7aff062c6e48dbd9150d27d32e6bd909b",
                "sha256:d045fdf34900fd353fb2189764faf441f5c173540b020f0a0f69e927bf7bd5a3",
                "sha256:d144e8b139d51e462de804877af2d0e87d156a29460ddfd66031273e0c6bd9e9",
                "sha256:d4eb736f96cacd1276174e2182fc9d9d9fc4b5610c2c24c4912880716f39063b",
                "sha256:d7b171b4e2d3cc316cc15cd406d564d0474710e444b67cb4ce79cb930689ee96",
                "sha256:dc6b2fdb1cb1ec1426de99415f4fad57373ec41a28efb28b5f6076316935764a",
                "sha256:e0f64bb3dd5fb1c43499980b6f23e181a000b2bc4d5138e17a8311e253c94b62",
                "sha256:e336433b66b76e817a65efda6f0f71c6a6bfc86a26a443468b3cfb8fae7533ee",
                "sha256:e7c4cd5839c73c9ae2caf9d5cca9f6d5bca00cf8aa2464f696635cc16070bb4d",
                "sha256:f17c08bdd48c5b670131e7cdd34532c2cdd5dcb2b54fb103adb86767549397a1",
                "sha256:f56ef76274874c92625aa450d7be26bb827ef00405068deaf1ade762cf1677db",
                "sha256:f91224b8870fe844675a1823a0eccd3ff41cf60f7dafd41098c92499784e4475",
                "sha256:f9b0fc4909412b966b25b6c3e7ab3ab3d183bcd14961ef38e077279933ff811d",
                "sha256:fcb996a036621c1485c6b3cbc25151570a41b512e7fc0cbbfe51523caab68a9e"
            ],
            "markers": "python_version >= '3.7'",
            "version": "==0.38.6"
        },
        "ndspy": {
            "hashes": [
                "sha256:d3b03e57ef5ba450e766035e1908293f7a6ba1a738736fae42b2c66952abb85b",
                "sha256:f43529628894d202c9c036582cceee18736e83bf1593db34ef6117a163e0054d"
            ],
            "version": "==4.2.0"
        },
        "packaging": {
            "hashes": [
                "sha256:29572ef2b1f17581046b3a2227d5c611fb25ec70ca1ba8554b24b0e69331a484",
                "sha256:d443872c98d677bf60f6a1f2f8c1cb748e8fe762d2bf9d3148b5599295b0fc4f"
            ],
            "markers": "python_version >= '3.8'",
            "version": "==25.0"
        },
        "pillow": {
            "hashes": [
                "sha256:023f6d2d11784a465f09fd09a34b150ea4672e85fb3d05931d89f373ab14abb2",
                "sha256:02a723e6bf909e7cea0dac1b0e0310be9d7650cd66222a5f1c571455c0a45214",
                "sha256:040a5b691b0713e1f6cbe222e0f4f74cd233421e105850ae3b3c0ceda520f42e",
                "sha256:05f6ecbeff5005399bb48d198f098a9b4b6bdf27b8487c7f38ca16eeb070cd59",
                "sha256:068d9c39a2d1b358eb9f245ce7ab1b5c3246c7c8c7d9ba58cfa5b43146c06e50",
                "sha256:0743841cabd3dba6a83f38a92672cccbd69af56e3e91777b0ee7f4dba4385632",
                "sha256:092c80c76635f5ecb10f3f83d76716165c96f5229addbd1ec2bdbbda7d496e06",
                "sha256:0b275ff9b04df7b640c59ec5a3cb113eefd3795a8df80bac69646ef699c6981a",
                "sha256:0bce5c4fd0921f99d2e858dc4d4d64193407e1b99478bc5cacecba2311abde51",
                "sha256:1019b04af07fc0163e2810167918cb5add8d74674b6267616021ab558dc98ced",
                "sha256:106064daa23a745510dabce1d84f29137a37224831d88eb4ce94bb187b1d7e5f",
                "sha256:118ca10c0d60b06d006be10a501fd6bbdfef559251ed31b794668ed569c87e12",
                "sha256:13f87d581e71d9189ab21fe0efb5a23e9f28552d5be6979e84001d3b8505abe8",
                "sha256:155658efb5e044669c08896c0c44231c5e9abcaadbc5cd3648df2f7c0b96b9a6",
                "sha256:1904e1264881f682f02b7f8167935cce37bc97db457f8e7849dc3a6a52b99580",
                "sha256:19d2ff547c75b8e3ff46f4d9ef969a06c30ab2d4263a9e287733aa8b2429ce8f",
                "sha256:1a992e86b0dd7aeb1f053cd506508c0999d710a8f07b4c791c63843fc6a807ac",
                "sha256:1b9c17fd4ace828b3003dfd1e30bff24863e0eb59b535e8f80194d9cc7ecf860",
                "sha256:1c627742b539bba4309df89171356fcb3cc5a9178355b2727d1b74a6cf155fbd",
                "sha256:1cd110edf822773368b396281a2293aeb91c90a2db00d78ea43e7e861631b722",
                "sha256:1f85acb69adf2aaee8b7da124efebbdb959a104db34d3a2cb0f3793dbae422a8",
                "sha256:23cff760a9049c502721bdb743a7cb3e03365fafcdfc2ef9784610714166e5a4",
                "sha256:2465a69cf967b8b49ee1b96d76718cd98c4e925414ead59fdf75cf0fd07df673",
                "sha256:2a3117c06b8fb646639dce83694f2f9eac405472713fcb1ae887469c0d4f6788",
                "sha256:2aceea54f957dd4448264f9bf40875da0415c83eb85f55069d89c0ed436e3542",
                "sha256:2d6fcc902a24ac74495df63faad1884282239265c6839a0a6416d33faedfae7e",
                "sha256:30807c931ff7c095620fe04448e2c2fc673fcbb1ffe2a7da3fb39613489b1ddd",
                "sha256:30b7c02f3899d10f13d7a48163c8969e4e653f8b43416d23d13d1bbfdc93b9f8",
                "sha256:3828ee7586cd0b2091b6209e5ad53e20d0649bbe87164a459d0676e035e8f523",
                "sha256:3cee80663f29e3843b68199b9d6f4f54bd1d4a6b59bdd91bceefc51238bcb967",
                "sha256:3e184b2f26ff146363dd07bde8b711833d7b0202e27d13540bfe2e35a323a809",
                "sha256:41342b64afeba938edb034d122b2dda5db2139b9a4af999729ba8818e0056477",
                "sha256:41742638139424703b4d01665b807c6468e23e699e8e90cffefe291c5832b027",
                "sha256:4445fa62e15936a028672fd48c4c11a66d641d2c05726c7ec1f8ba6a572036ae",
                "sha256:45dfc51ac5975b938e9809451c51734124e73b04d0f0ac621649821a63852e7b",
                "sha256:465b9e8844e3c3519a983d58b80be3f668e2a7a5db97f2784e7079fbc9f9822c",
                "sha256:48d254f8a4c776de343051023eb61ffe818299eeac478da55227d96e241de53f",
                "sha256:4c834a3921375c48ee6b9624061076bc0a32a60b5532b322cc0ea64e639dd50e",
                "sha256:4c96f993ab8c98460cd0c001447bff6194403e8b1d7e149ade5f00594918128b",
                "sha256:504b6f59505f08ae014f724b6207ff6222662aab5cc9542577fb084ed0676ac7",
                "sha256:527b37216b6ac3a12d7838dc3bd75208ec57c1c6d11ef01902266a5a0c14fc27",
                "sha256:5418b53c0d59b3824d05e029669efa023bbef0f3e92e75ec8428f3799487f361",
                "sha256:59a03cdf019efbfeeed910bf79c7c93255c3d54bc45898ac2a4140071b02b4ae",
                "sha256:5e05688ccef30ea69b9317a9ead994b93975104a677a36a8ed8106be9260aa6d",
                "sha256:6359a3bc43f57d5b375d1ad54a0074318a0844d11b76abccf478c37c986d3cfc",
                "sha256:643f189248837533073c405ec2f0bb250ba54598cf80e8c1e043381a60632f58",
                "sha256:65dc69160114cdd0ca0f35cb434633c75e8e7fad4cf855177a05bf38678f73ad",
                "sha256:67172f2944ebba3d4a7b54f2e95c786a3a50c21b88456329314caaa28cda70f6",
                "sha256:676b2815362456b5b3216b4fd5bd89d362100dc6f4945154ff172e206a22c024",
                "sha256:6a418691000f2a418c9135a7cf0d797c1bb7d9a485e61fe8e7722845b95ef978",
                "sha256:6abdbfd3aea42be05702a8dd98832329c167ee84400a1d1f61ab11437f1717eb",
                "sha256:6be31e3fc9a621e071bc17bb7de63b85cbe0bfae91bb0363c893cbe67247780d",
                "sha256:7107195ddc914f656c7fc8e4a5e1c25f32e9236ea3ea860f257b0436011fddd0",
                "sha256:71f511f6b3b91dd543282477be45a033e4845a40278fa8dcdbfdb07109bf18f9",
                "sha256:7859a4cc7c9295f5838015d8cc0a9c215b77e43d07a25e460f35cf516df8626f",
                "sha256:7966e38dcd0fa11ca390aed7c6f20454443581d758242023cf36fcb319b1a874",
                "sha256:79ea0d14d3ebad43ec77ad5272e6ff9bba5b679ef73375ea760261207fa8e0aa",
                "sha256:7aee118e30a4cf54fdd873bd3a29de51e29105ab11f9aad8c32123f58c8f8081",
                "sha256:7b161756381f0918e05e7cb8a371fff367e807770f8fe92ecb20d905d0e1c149",
                "sha256:7c8ec7a017ad1bd562f93dbd8505763e688d388cde6e4a010ae1486916e713e6",
                "sha256:7d1aa4de119a0ecac0a34a9c8bde33f34022e2e8f99104e47a3ca392fd60e37d",
                "sha256:7db51d222548ccfd274e4572fdbf3e810a5e66b00608862f947b163e613b67dd",
                "sha256:819931d25e57b513242859ce1876c58c59dc31587847bf74cfe06b2e0cb22d2f",
                "sha256:83e1b0161c9d148125083a35c1c5a89db5b7054834fd4387499e06552035236c",
                "sha256:857844335c95bea93fb39e0fa2726b4d9d758850b34075a7e3ff4f4fa3aa3b31",
                "sha256:8797edc41f3e8536ae4b10897ee2f637235c94f27404cac7297f7b607dd0716e",
                "sha256:8924748b688aa210d79883357d102cd64690e56b923a186f35a82cbc10f997db",
                "sha256:89bd777bc6624fe4115e9fac3352c79ed60f3bb18651420635f26e643e3dd1f6",
                "sha256:8dc70ca24c110503e16918a658b869019126ecfe03109b754c402daff12b3d9f",
                "sha256:91da1d88226663594e3f6b4b8c3c8d85bd504117d043740a8e0ec449087cc494",
                "sha256:921bd305b10e82b4d1f5e802b6850677f965d8394203d182f078873851dada69",
                "sha256:932c754c2d51ad2b2271fd01c3d121daaa35e27efae2a616f77bf164bc0b3e94",
                "sha256:93efb0b4de7e340d99057415c749175e24c8864302369e05914682ba642e5d77",
                "sha256:97afb3a00b65cc0804d1c7abddbf090a81eaac02768af58cbdcaaa0a931e0b6d",
                "sha256:97f07ed9f56a3b9b5f49d3661dc9607484e85c67e27f3e8be2c7d28ca032fec7",
                "sha256:98a9afa7b9007c67ed84c57c9e0ad86a6000da96eaa638e4f8abe5b65ff83f0a",
                "sha256:9ab6ae226de48019caa8074894544af5b53a117ccb9d3b3dcb2871464c829438",
                "sha256:9c412fddd1b77a75aa904615ebaa6001f169b26fd467b4be93aded278266b288",
                "sha256:a1bc6ba083b145187f648b667e05a2534ecc4b9f2784c2cbe3089e44868f2b9b",
                "sha256:a418486160228f64dd9e9efcd132679b7a02a5f22c982c78b6fc7dab3fefb635",
                "sha256:a4d336baed65d50d37b88ca5b60c0fa9d81e3a87d4a7930d3880d1624d5b31f3",
                "sha256:a6444696fce635783440b7f7a9fc24b3ad10a9ea3f0ab66c5905be1c19ccf17d",
                "sha256:a7bc6e6fd0395bc052f16b1a8670859964dbd7003bd0af2ff08342eb6e442cfe",
                "sha256:b4b8f3efc8d530a1544e5962bd6b403d5f7fe8b9e08227c6b255f98ad82b4ba0",
                "sha256:b5f56c3f344f2ccaf0dd875d3e180f631dc60a51b314295a3e681fe8cf851fbe",
                "sha256:be5463ac478b623b9dd3937afd7fb7ab3d79dd290a28e2b6df292dc75063eb8a",
                "sha256:c37d8ba9411d6003bba9e518db0db0c58a680ab9fe5179f040b0463644bc9805",
                "sha256:c84d689db21a1c397d001aa08241044aa2069e7587b398c8cc63020390b1c1b8",
                "sha256:c96d333dcf42d01f47b37e0979b6bd73ec91eae18614864622d9b87bbd5bbf36",
                "sha256:cadc9e0ea0a2431124cde7e1697106471fc4c1da01530e679b2391c37d3fbb3a",
                "sha256:cc3e831b563b3114baac7ec2ee86819eb03caa1a2cef0b481a5675b59c4fe23b",
                "sha256:cd8ff254faf15591e724dc7c4ddb6bf4793efcbe13802a4ae3e863cd300b493e",
                "sha256:d000f46e2917c705e9fb93a3606ee4a819d1e3aa7a9b442f6444f07e77cf5e25",
                "sha256:d9da3df5f9ea2a89b81bb6087177fb1f4d1c7146d583a3fe5c672c0d94e55e12",
                "sha256:e5c5858ad8ec655450a7c7df532e9842cf8df7cc349df7225c60d5d348c8aada",
                "sha256:e67d793d180c9df62f1f40aee3accca4829d3794c95098887edc18af4b8b780c",
                "sha256:ea944117a7974ae78059fcc1800e5d3295172bb97035c0c1d9345fca1419da71",
                "sha256:eb76541cba2f958032d79d143b98a3a6b3ea87f0959bbe256c0b5e416599fd5d",
                "sha256:ec1ee50470b0d050984394423d96325b744d55c701a439d2bd66089bff963d3c",
                "sha256:ee92f2fd10f4adc4b43d07ec5e779932b4eb3dbfbc34790ada5a6669bc095aa6",
                "sha256:f0f5d8f4a08090c6d6d578351a2b91acf519a54986c055af27e7a93feae6d3f1",
                "sha256:f1f182ebd2303acf8c380a54f615ec883322593320a9b00438eb842c1f37ae50",
                "sha256:f8a5827f84d973d8636e9dc5764af4f0cf2318d26744b3d902931701b0d46653",
                "sha256:f944255db153ebb2b19c51fe85dd99ef0ce494123f21b9db4877ffdfc5590c7c",
                "sha256:fdae223722da47b024b867c1ea0be64e0df702c5e0a60e27daad39bf960dd1e4",
                "sha256:fe27fb049cdcca11f11a7bfda64043c37b30e6b91f10cb5bab275806c32f6ab3"
            ],
            "version": "==11.3.0"
        },
        "pyarmips": {
            "hashes": [
                "sha256:02ae40b7ff1856497b710efec6483fce15326adad3e32046710d6c245f3d8762",
                "sha256:071a25b81374f5f88d6e1f637eb37795d885a4088374cda90d84e3fdb4f33961",
                "sha256:07cce7c77948631a96292866ad0a4fe25f3e22eae177cb72aa978705b1b05bd8",
                "sha256:0c0b085c3aab1c4e2357b0f3ffc33e2764f5900d138120d312a9ecda7c10dfe5",
                "sha256:10145b338271e874dea2b8a0d9dd905453382524bbbe7ec689ff9f8720d7849b",
                "sha256:11437c7c8860fdb3adb2d2fb10be78c538a3e09bb29e8d406c65b204e55147bc",
                "sha256:11762f541849d9769ad5a9fbc41933882d316d6ff186ad2a225fb81a4c1d251c",
                "sha256:1c6cc5ac435ceca48fcd18ceaaa80b5a22f4b0e45a363cc9d1fee3316f9fda0a",
                "sha256:1e63f673d8c3598c31ddc3fffb662d4faff3722561a0f6ffab4587e25820bf50",
                "sha256:22ddd2301864eee1c273d1d1c85e543e1d2a40754f579ca60c3e30f7efffb44d",
                "sha256:231e9b2fb8778d2a992f0facc1f0d8a36821e6f1a123b0b79579d5e3f5d1ddbb",
                "sha256:2cd879be9a0c3aee25d9aa8438b9fd67a6b78b06b66fe8705da0472d258c9b9c",
                "sha256:2dff13fe6ee05b3c7b762ca0ce0df39c1a952b21f1472dd24fa3be4b95738b1d",
                "sha256:2fac30c40b880c1627d3dcf3550e03375f81afa70b5e18c7c40ac66d65505b7a",
                "sha256:32c1ace3c36f8c27c4d1c0aa900401aac5928c3d5551f6dcc55b7be315fff0ae",
                "sha256:37cff62f2ad55834473ec514e668fcdb1583222780b1158cd356d4285e49ab08",
                "sha256:3e4b49c0bf07280e3a8a67567295432e308dee4f1207db4cdc65f1e7f11bcf16",
                "sha256:3ef31acac710d44279875bf71bd4d0ad7aa9c02881890878fd55497ee1743f13",
                "sha256:3f847a2ea50c72d97a4a14b67a7dd3fbce2f57fba719f324024359e61e52cdc4",
                "sha256:3f9f7bb30b681d7e79552dec095309cf091abdb4a1034a4b8c9fbbb479fe1009",
                "sha256:48978933f47aadc593ae536fd71f04bb7df36967340c86e5eabfe1f0f0e4c312",
                "sha256:4f690b7f00c93f0489fd373e877422be9f3ae7956da41e323958ea03bdf6cc15",
                "sha256:521cc141f63368665f0d345a9639b86504da4ec8a0b6c6ccea6e68348f72aa87",
                "sha256:52ff5d853726f7f7940305a787ce9f688e21459ffdc2a697004073d5cf9702de",
                "sha256:58a4be1c159f18d44fe4fc0608d0514ceccd25cdd3bdb477a6804eaa7228022a",
                "sha256:601754a2e531a73a0efc93601aab68c37cd9bfa84e1da5eb72f7660db05a6ef5",
                "sha256:60fdf233fbbe2c74c6d1bd772b5f9d7d52f24544122dc7b01480dc7c32359b24",
                "sha256:616df63eab9bac264505b666b0e627f7ec44877d0a6d679cedbcaca567e7b56e",
                "sha256:644efb3a10fd258cf17e753e7a7e4500ae5c07c4d5e6b775e0c95086454967c5",
                "sha256:6c4a74d88115032c45595dcd020070b176a337a0b0e83471889c56954b766a4c",
                "sha256:73f989e24dda0b1d391ae4cde8154b62d941bc0aa92b0a36f74dda08b91eb321",
                "sha256:7456bebb85253be9ab562e4db3310f50515e5b8708dae6e9d08494e5fffe26be",
                "sha256:7523acccec9bd1e929642fa30c3bfa150141343cacac4e5720000a291db495b4",
                "sha256:7893667effb95a1292c177e764012d829202e14ac058fef94337d2939c84c9f8",
                "sha256:7a77c8c83603e7fb21a0d25d3744787aeea624e8a02ae31fb51faf5bf1b4a0c6",
                "sha256:7e187b88bb894f9d9a3617a0cfe7f5d5caf42d40300a32192946dffda9d8bd73",
                "sha256:86259e0c67dc43e79fb60bdd84d73c57dfe027fc643520a776c6774677e242fc",
                "sha256:8c168d34bf93aeee6ce2ce3a405dcd1fc13c5f0b0bbee7785f1efa1b923f80ab",
                "sha256:9454e992ca121fb1b3963ce9a4f234022d1164b1aa828434c536fe48fa7a131c",
                "sha256:967fec27df69464dfed0f4cf4dbdf2d9b789dcc6f58c9d6ecf5d2818cf6ebaee",
                "sha256:974773d4eefe1a8b43425d7904d1fbc150ede80d962be08cd0aef23fb388e7ab",
                "sha256:9831cf64486c6ad1116b7d635a6a1186b19527b4cf52d37480b75e2cffe9a1c4",
                "sha256:9ca26211237b8b220181a735567c2a41fff2b45da1aa8851e093c93d8a705531",
                "sha256:9dc3ab5eef699d617bc3ff18a3d8275c2c350b83537865fa82b5086e0a27f586",
                "sha256:a1c610da4ad99bad944298cf83c26f779e7ed27f0015dd31ab30724bc0c6be7a",
                "sha256:a5ee19d5f14fa298963ada494f391401ebfc2d611695861b514e84188a6bf5e4",
                "sha256:ac79b4d216a0ec55873d9ed6f27e28da07e61fe19f0cf22f6d4659d6420085ac",
                "sha256:b5ddbee0f54f6c0627a6da6776261c2b11b057dfe57df72dd023c3e5d7fd5bef",
                "sha256:bc4df2901373950ed1b26948acfc02b923fde4a6e0558421dd0d01cd37feffc9",
                "sha256:bce90a973955d4d9f15017b2638bae6357f386afe66af7f2c5593c8050af9813",
                "sha256:c4220a4ffc9e65400837ec8eb7ea7a338ededfcdaf2dc17b6ab159af2051ec01",
                "sha256:c5c96e3160bb50f52659957d503aca5d5138f3769de0c8f1f7e1eafae0e7f54b",
                "sha256:cd47f06c1fff760db3e908fd45314efbe7720c44c9e816dbf558e468cedfe98c",
                "sha256:cffc665a54e9c762152f839e4bce01ba2c6c1cae200a2424492cde086754dba8",
                "sha256:df5678ee98c5e1ec68b05e444c44d186c16bfb4727abe18ee9154692423d7542",
                "sha256:e03280a0458b5fdb60d8a54f6bdede72bb00697641299c7f25ec9985b4a91b3b",
                "sha256:e08cfd91dd6a80f50b7e57ce8627057c7f0c266aa61d698de2a8781e8dc35d01",
                "sha256:e13576f028c4077e9554c77d922caa51e7e398d90e4f84f7916f5f1730848b4c",
                "sha256:e52043bcbb74e06ae73a8da74b9f7bb8ec98ab0cd7869592b53b18403458a760",
                "sha256:e6ced5f7e96ef23eb6c5c8cfe237ef05bb09d6ffcb9678078a45812d98fd3bb6",
                "sha256:ec697b2b66c4d856b299ae8edc762b66eb3bb04b5828e22c4d7fdc2f230fb925",
                "sha256:f0df8a4a7046ee745f20dcd6db39c8f232bbb14dde6e6e7854485513c2ec720f",
                "sha256:f8ae4ca39537ac55e515724a4196cae04a2b53c9f92b9320d54e632a4b22cf3e"
            ],
            "version": "==0.11.3"
        },
        "pyxdelta": {
            "hashes": [
                "sha256:023dc85fe9790cdd68170c35c94f89bf2afab964b905e44db4c2b1ee52970dfc",
                "sha256:093983902f1d43b2378b92fbf7cadcb036769bab2948622e235d3cc0f080b2ae",
                "sha256:0e61ff8b7881d290a95e8db6dcf10a3584cfcfc318153939fca4f7ac506128b3",
                "sha256:103b4059003ce325fe7325ebbe127051bc157074a8e668b3be42e5a5cd79584b",
                "sha256:1127cf9c6c0a798d7b392f3e53c5b574b56c1c3ef8ab7d753d60cfaebf49b271",
                "sha256:11fcbd5b43fe52cf6d3270b5f175f3d1a88c6564ab2226ff5c5c6ad8a4759133",
                "sha256:12fc4e289f6251881d06e4d09059f225155ea31515c2695adae6542d162e29d9",
                "sha256:16358be18c3b6ce48892c3929cb38ffa8a843aec838a38e0da7ea7f29a4ca292",
                "sha256:16cdf89a369e2868d1d151e75966890f8b0403fa1ab449996c519f4e4d86d828",
                "sha256:1c99bd69dc3e59473db6be7ba2dc44c0bb601ca6880d8976eac18ea39401c814",
                "sha256:1d0a722a96e8b5d97f95de5984b4bd9b64c382b36667ca244050e81a387ccfd2",
                "sha256:20a340ed50ecb8aa55a1e360ea6e3845c4cdafd6d41e9c39cd08f047443935e5",
                "sha256:20bab8c02947e188cbea8107c925d72c9d1ab96774840d50cc92722d2dd5e4cb",
                "sha256:222e604a5e57ae50ab916bb7519d248d1e377418cc72502f28f4086d046abe81",
                "sha256:245f38d607f137a16a395b07697fb199f59b3b6a915c86b24d734fbe5cf0ddad",
                "sha256:2f6a82f5921e0b7e9311cf6b78ff255f3dc8a2472f00f388c53f4608e13e5388",
                "sha256:30f71fee5827936fa4ccbf1d79b23cd5536a1947ce85bb013ad59be6c40e4594",
                "sha256:34bcf75599d1f27a61060a868f837fc9fa83068a82ae54bc66288b07eec6ef5e",
                "sha256:39b3ca8a5bb8566c05c76500feb626d699e23f479023ccce4b7c619890e83d2c",
                "sha256:494d039c9287b0be9f2c3b2ae2a79f0995a7b0a3e253d93516f78a0cc6d8a6b0",
                "sha256:4db7e53f2651db2c370bb63f53be3653b90046ab56ecd94cb0a4ef3cb05368e8",
                "sha256:511a6d92ec00831f6f16f709d2dd0418c087e269fd6f3823230b1be55daddf85",
                "sha256:54582d6194a10804309346a9915f87b6c57f4fb65254273ad008bc0709c549b1",
                "sha256:548c41664965646e1cac3fecac99d65c068d9c7cf416c5b523e44d288a4d35b8",
                "sha256:610be55ef7d5962f20078f138080f8c5b44d7795c54f18617aee4a399fa052b7",
                "sha256:687d4004592c75fea13ea4b5df93853fcf7b5bc9c0480aa2dda8eb6f18b73758",
                "sha256:68cc38e50da312ee89112fc15d01f14bf5e7f2d142b506130683f2d28c0f4ae6",
                "sha256:70d787e96db2e79d26277c43c4508da74ecb16376fe9b355181ec0f8cfe5357c",
                "sha256:72b1870dde2017bf9f4d555a817c7f25865d574112c11c6caab6c7a99e5c1bda",
                "sha256:736442a7df84da96f7a5f407715b3d7eeece5dea56257b15761875221a7da902",
                "sha256:73c08f0e2d62f2b4e314576aaf9f322118d703bcdda2bcffcd6acee4dd11f60e",
                "sha256:777288acfb945e8c8a1cdc568b767c86a7a3b4fc2bc2df59f225ef9436a5f675",
                "sha256:7b150d7f0715bb78fa6c7c98a501ee2d5a8ee28b254904023541f6fde5dc9681",
                "sha256:7b868bd38bc9a80806f4f23d0b2f694e51814c568a49cac04d84956f1e120bde",
                "sha256:7c5e5d88b1d2475aa8ca0a1d1bb8c518b49c02836ccb6cc3f1d684b6e25c9a22",
                "sha256:837d4904daafea924aae2b01d20d961a8453afb76a543f96c2ad89d08bd1c0e9",
                "sha256:8b570991b8341cff15a68773288a9e06bfefcc9b50859b7b43a7119527ac6829",
                "sha256:8e4d2a84a57e837424fe3088cd55360aa00dcaa5cb0489663f5ae8025d6311e4",
                "sha256:8ec8098111c2b855d2a304e82ad95869fc22d323c3598842677db565bc462189",
                "sha256:9411774ec5c6ad9485862f76b5807b810a94a721e82a3575dc8aaaa2e8f15967",
                "sha256:957980de4d0c568f9c21e568280324b540da74b125eff7d9576ada2d4eaacfac",
                "sha256:9a6be3f5f1c35fe574740d72b7301a19138f9e5d43486d11d96a2e6b1b37fd16",
                "sha256:9bec6a6ea862cbbce8757d34ea4105be8fa89704227b5d59ccac43e633254a83",
                "sha256:9c3a4fb82d10ab278ec0d5f665704555b2a74394398c251bd30db75be3adc78b",
                "sha256:9c5ce705c96b7f5e1cd9493f4ed19a2562a611e8c32df8db9ddca816d306f17a",
                "sha256:9cac56f81bb35c18730025deaacb25e377232d32812f8bbe859a9fdb49b5fe64",
                "sha256:9cf9025c9614c8f7e8e106191075c5dd549e28b855b470370ea5c878bc0cf614",
                "sha256:9e0674324199a6769377bac0b57601721aff64812c53803737dbf0284c4d4844",
                "sha256:a180e318e811f0f89d83621830ac306ae3a4a67e31a788611ad61479e53b4a24",
                "sha256:a2e9013ded9941eb04d78292d2f77db0ca3bc89f3b3942b5e666cb0b5b85e29f",
                "sha256:a3d68b4d813d8ab26c7008e9f80f89b4c91b0ed7dbbf24ea9041a9eb668bb46f",
                "sha256:a9408b815a0d4859dacaef91a9d8462c6d151ca2ea7d2a91a2b517e1524dd9bf",
                "sha256:ac9093ea44b8d329a7fa6c1c9c327851b42077854ff9c67f6f3403a4891ddcda",
                "sha256:af9e0f77c2ed7458c2fdbebb32b821d579a1317b330ceed8afd89a95e899374b",
                "sha256:b2da7f6aa4ad24b00f49175e3f9bfa3ff8f0cb813d256cb61b45d7d129995e1a",
                "sha256:bbaf7f3b7eb9fef46ae0454d27bd930930518d0b241033e3c29b609bce80c94b",
                "sha256:bde5d08ec4adb3812561a040e87a2b22c95ba3e8257ff00bebf8ba2ec07b0591",
                "sha256:be940c7319e46f707ad3feb0df92ab01e4ca42f5d9f3beff6b87aeca47b34c6d",
                "sha256:bfa478ac840623e028589684543a00f254a6d8cab6be9362e6cf5c086f03599b",
                "sha256:c2023d7337e3901036bcd9182433f789558d0e59533bdef13e28d4ecc4369f51",
                "sha256:c3f616641dc0231fd0f1fad1547ccf31e127126ef0a779a8298a5bd0d92129a2",
                "sha256:c52fef8a43bf2affd024882f30005bc45b1e5c96f75fe992c378e06d637999d5",
                "sha256:c7a5492e735d6134989a65847d462bf79f410c8082da9014c029d6206973ddd3",
                "sha256:cc865d2aff81e7af59de9d78e614b5e74651f3c5bec9f2babf4bdbadf44f7ee7",
                "sha256:cdf1631b8c54237acc90029d32ce4f4463a4eeb7ccdb1b94a64c5da9196f377a",
                "sha256:d2310b868992c06fefd43ee4219247b901526d323a2fc9495a9e76f22498320f",
                "sha256:d7bb73f07516b9fd977a85a32bf7aaded0917d622ceb1b804f19ca390d74a790",
                "sha256:de5bc430680530a025e4b5cccb55f9e1b7e3aca6a7413fcf2eb9d471322059f8",
                "sha256:df89c640c02c58801d8ca80ec31569687f859a681034d2c029611e86fdaed56b",
                "sha256:e4acc3163b42a3facfbaf165d21a188dfe37cce4480bb0ba788d817cbd79f7ce",
                "sha256:e5e0b4f211bf6b39083771398b464a30f9ad23e33a4ff0fb170689b1d1b44da4",
                "sha256:e7ee528560e1751cefa72624f2217cedbd5ffa470e1065de63ac514b986bba5b",
                "sha256:e81a21b606eb66315f79d805d0efa585ae023c68988107c122049ca64823767c",
                "sha256:ebc54308718202dd5fe795b7ebc28eda096e8cff5c9b625bbc48c5ab9cd821d7",
                "sha256:ecc240250f3ae629eef1f8526089e6b21284e75e0899a157ed00e79aa20232fd",
                "sha256:f301d08208a79375237ab4076ca63fe1d31c642b9743508071a3c2bb986011de",
                "sha256:f6bdc81e2becf7fb22cb466fdb05481274f0c338b85d5d01c7901eaa3b2faad0",
                "sha256:f745350c438e8ae6efa1b6804b296f73e3ed19ad5fdb109f40086fee1b275d73",
                "sha256:fb59767f6100aa8b6e4c7a2e51f2a4b9d1121a3dd806402ac36340f6c6305b01",
                "sha256:fc4365b867f877f52f7da16e4d2eeb4a389289d39eab42bbb00991f88ad7b68b",
                "sha256:fd47e573ef5e4ffe20320b115812c92d7164b51172218171ba52936a75627abb",
                "sha256:fe8330c6c7351af666591e44c1cafe90f56ccd565b9995df218c5b0a521f2870"
            ],
            "version": "==0.2.2"
        },
        "tqdm": {
            "hashes": [
                "sha256:26445eca388f82e72884e0d580d5464cd801a3ea01e63e5601bdff9ba6a48de2",
                "sha256:f8aef9c52c08c13a65f30ea34f4e5aac3fd1a34959879d7e59e63027286627f2"
            ],
            "version": "==4.67.1"
        }
    },
    "develop": {}
}
