{
    "_meta": {
        "hash": {
            "sha256": "e8b89da8ff8869dc96467757e0dd37f7afca46d6a6045aeee4228ef547dee300"
        },
        "pipfile-spec": 6,
        "requires": {
            "python_version": "3"
        },
        "sources": [
            {
                "name": "pypi",
                "url": "https://pypi.org/simple",
                "verify_ssl": true
            }
        ]
    },
    "default": {
        "click": {
            "hashes": [
                "sha256:63c132bbbed01578a06712a2d1f497bb62d9c1c0d329b7903a866228027263b2",
                "sha256:ed53c9d8990d83c2a27deae68e4ee337473f6330c040a31d4225c9574d16096a"
            ],
            "version": "==8.1.8"
        },
        "colorama": {
            "hashes": [
                "sha256:08695f5cb7ed6e0531a20572697297273c47b8cae5a63ffc6d6ed5c201be6e44",
                "sha256:4f1d9991f5acc0ca119f9d443620b77f9d6b33703e51011c16baf57afb285fc6"
            ],
            "markers": "platform_system == 'Windows'",
            "version": "==0.4.6"
        },
        "customtkinter": {
            "hashes": [
                "sha256:14ad3e7cd3cb3b9eb642b9d4e8711ae80d3f79fb82545ad11258eeffb2e6b37c",
                "sha256:fd8db3bafa961c982ee6030dba80b4c2e25858630756b513986db19113d8d207"
            ],
            "version": "==5.2.2"
        },
        "darkdetect": {
            "hashes": [
                "sha256:a7509ccf517eaad92b31c214f593dbcf138ea8a43b2935406bbd565e15527a85",
                "sha256:b5428e1170263eb5dea44c25dc3895edd75e6f52300986353cd63533fe7df8b1"
            ],
            "markers": "python_version >= '3.6'",
            "version": "==0.8.0"
        },
        "hacktools": {
            "extras": [
                "armips",
                "cli",
                "graphics",
                "nds",
                "xdelta"
            ],
            "hashes": [
                "sha256:00f541930109cb91a67404b05ecbde880f06daada75e0794f046ca52ebc7bc4d",
                "sha256:01097f4a923b73ef45edda805da9f1893997f83e3b139f3f3a378a23e0a67107",
                "sha256:0235b555c04b17be809a4d2ec5074811cc4d39f4b686699c9e1487f411d0d06b",
                "sha256:03e675aa5228cb8c1dad19f3d37caad3835d20d7295b057fcbc5fa3c09c90d26",
                "sha256:0807a0603a11d1bb546d7013a8eead45168efc7c8e2e22f4d3a2dfb945fa4072",
                "sha256:093c4004191b65d083e3cf807db9cebb6b90a2228d4eafd5cf530ed297530853",
                "sha256:0cdd4e5654f23cd995e533d77f426aff42ea35aa6801cde62ed6e962c2978d44",
                "sha256:0f9db4c3b5e9259b06bd7310e21f7ac1098beb44e5b6f8605af998c0bcfec302",
                "sha256:113b92ebeb378cdcf49a1ee942c9a0629b27ee86110065ac2898fcbcc1c62830",
                "sha256:16abe9e1474763a0afa6494d136602c07418b6266b3ab1b565049333d9ee4d88",
                "sha256:1e1e03fe9de6904a6f887046ee7d47ec9ca15c6c6f6c27a25696db6076fe4de8",
                "sha256:26d844294c1cf8d5b3bc5f3e88cfe80446d18d2599fb3f915dfc4fd7fe1876b8",
                "sha256:2ab363f2982c8594f1d69a38f6f75b5984ec24be9c1e46c5543414756eaf280e",
                "sha256:2b052c6af781f6d846dd4e0facfff42dedf4a76e4b4ae409c2eac5f7856b5f19",
                "sha256:2b7fafcf8aec122be46c58d062f725345892f449451971fc801e9376c1937d87",
                "sha256:2c71b8c5a08c89d948abd6ca63b82096f35553a1d69ab2d159590ac53aa6d0e9",
                "sha256:2d8a3c1aa2ca9040c3ec82400136293842bfb0bf21bf76f3c4eef137d7b98b75",
                "sha256:327655eb66ed4c49ee148af1e0f56e3fb47fd1cd75cbb3c68800278d93e9c317",
                "sha256:328a99f890c2b1c2223a2abba4dbea1eba643dc0cabc8115902462ad7da193ee",
                "sha256:36195b1a80692b566725ea6b31b260fcfdc3dd19ff28ca9fd247eeb758240f98",
                "sha256:37d7602e99593edbc11102d5a1270af17757b0a23f73511030454d1803e58a6a",
                "sha256:3b0ea315a20e4685c891a0e6de9911431af06304d3ea1b7202818edba136bc50",
                "sha256:3c5698d911c5c12491fd2371d47ea5803573689d671bcc7eb7ec20aaecb0145a",
                "sha256:3db72f31d83134edc042eb949f740d34e822613426ed65b101fae1eb12b894d7",
                "sha256:4177289b055cc9c410affe542a848881b988b94eaa604d56b32b14bf0ae7deff",
                "sha256:4819ac2d4fac5215630e6807005457a713671a6a86938ffbb52fa2be2640471b",
                "sha256:4e4ee01317333d28474fcbe40868b124ef1366660b397653d6f27208301eb5b2",
                "sha256:51f2dc87a6038297aebc16b0e4cd3fe631b44008c665788b85af07d12fdaafb5",
                "sha256:551495b7beb22e39283f188c81b77d964ea59bfa047bf4e323afac813ace6661",
                "sha256:5a9b6662ca6f90ce1b7903bef60fa2681af105d6b2a26c0683f7d0332e0e595b",
                "sha256:659b4043b9806ce92b7cfae7e1c46750d2f96f31e63c48ffa99c05bda914867c",
                "sha256:65b827a79287652b7e94bab74d7d120b2e0c83ec4fa2c96ce9ae823c89997f3c",
                "sha256:68cb70930a07dd0ae218c56a5efb228f7f79fe0dd0f881b727b500601d268f82",
                "sha256:6ce69e528bfc1891552c9a1475a9dbe55de17abcffe3b68add597ca79e1b2cd1",
                "sha256:78a3b53264377d064eed700e92fb0d8acada361f1cf7eca9ecfa66e1a2a3110a",
                "sha256:7bfe13a957d61f8072e37757bdd2462c94bfd43e2b5c9df0af82de34e79c2ddf",
                "sha256:7dbb10723e8d84452f70aaaaa19d4f47f3698bc24cc2449ae1e2fc7ff745e14f",
                "sha256:87ff688cdc435ad0d2e0a8c75b1e8de2e0e7e59325d212f034824d636a665a01",
                "sha256:8b162d33606003c7a89e7712f825244e2a2370e7cb519f19b106af7930fc599a",
                "sha256:8bdf7272e1966dd744d0db795d9573bc279f5ba6d9d6a3350cc2b308a6acce97",
                "sha256:8e335dcf72b39702ef28cc5635865e175d7f8b4d61d40accab9ce3e7e04e8e45",
                "sha256:91a433e13549128767a10b228cf4175823ef7a02d069ac46fb639727218a992e",
                "sha256:9ace7649ac0371290d209e2ee794df1150aadffc4098245e48c02fcb656a5a7b",
                "sha256:9e481c2546630c6c0a88961896a548adc7483e3987ae82082e0b18af94bca967",
                "sha256:a5ed459abe47500eec91b1025ba8bc4de82bb204dff00d9b50cf0c45b22a80e1",
                "sha256:a7bc483589bc78538faa2083f495ffabdca290ce0c31b8a6e3c582e95aad480e",
                "sha256:aeafd3a5605180553ed41ac5b46bbaaaf3fc560e402921671eacc637f35cabb4",
                "sha256:af26efa5e6681671291ccfb8586d9656acfd75702dbdd3a2c68a736657de4e73",
                "sha256:b0503e9dd8f989c7ad97dc479c7617b00f1b2e5d0ae46b47507ba3cb004f2474",
                "sha256:b19d4a77d4ed8fc0ef0767be68251f2a1ff90cf801f203f5d68f15ada2f3058f",
                "sha256:b1b0ec1e39c6a0486f1b03563403d11db4b7ab529e1850e563137a8c05f380f3",
                "sha256:b691d5e81f48cfca365bf1ca5feaef908eb11e856cc11b5f3efbbd0ef7c08880",
                "sha256:b7559662ac7af54a6bb62a07114f6328db25ddf0c5d58ae1588035c6ca7da2fb",
                "sha256:b9055abdeba68d119c79e7c89fbe2149f52c26ef410ffb5725e6182a4bc30c3c",
                "sha256:bf96f9fe0fae1bf7537eee5deef23ace0c59b72591cf8969f0cedb15413e47a6",
                "sha256:c07ac9fa662953a5903f7e7c9929c712e4a4ae11208076310853575cf46523cc",
                "sha256:c79a71c8aa5283ceefe0fb4667f04a974a46664125b409ac76240e64a34a8f98",
                "sha256:c87dffa5439c0b2c556fd8b51038ce558fa0328ba3b997b322d5b19736c76fa7",
                "sha256:d01c4237fe65926d6c64a32fdad221694dabe8e5ee6f554adb3dffa8d0ae19b4",
                "sha256:d5235bb40abddcb69086b1aab308359f8d739fd23189fe91f71230c59aa61886",
                "sha256:d7a56f91070c9b89f3dcb974f7ede354d360e3b75e2a4e95cc44c8e78c6c51f6",
                "sha256:db34811a00c9f64d9d88b6b91babe1c5db8912ffdaef5af9e5450ecc15f21352",
                "sha256:dc4df6b66a168813f187d9a722f10c6e2b56b4d828e188704842cdb50fabac1d",
                "sha256:dcfb41ed3ea67a789999cd539025d51bacbbf310ea6056d974cf0943a3e1c3bf",
                "sha256:de2ca0c846678271feea9086ecd6c10d451982000e88c41c53a4d5970da612f3",
                "sha256:e20b249dba62a1f790643e57ed214224964e26cdc07afe31d554b99f5891ec28",
                "sha256:e8174183464af2efb3f3aa901fbb8b453578ac372149f5eef3cd16d9b08f517c",
                "sha256:ebdc4bcb6ff60a91a7d59e205318b8eccdaed4aefc34efa1f0bab528f5571534",
                "sha256:f23454f02c3689e37750579c9d756ea97e99b0b70bb7648fdf05f57745233778",
                "sha256:f49536bcdf84615763ea97c8c19c4fc83cfc789457bbefd06837dfb7799a6954",
                "sha256:f88afcfb30d96a1224fec97ef0cc63dd238dd9ac87ac1330062a7672727bb4f8",
                "sha256:fa12adc81473acbea77d93e75de82b3f1406127b8671db190da50d340b4a76fc",
                "sha256:fb46c6946494dac4f91735535b1b28fcb3981b31671f5829ae736f4ccb5b978f",
                "sha256:fbe5f639da1898ee7a1ca599a2a4db74e7615511129419befd79706e067e700b",
                "sha256:fda38a83d0350897524003bc335bfab126300f173e4ddbb8044d34f9f5514cd0"
            ],
            "markers": "python_version >= '3.7'",
            "version": "==0.37.0"
        },
        "ndspy": {
            "hashes": [
                "sha256:d3b03e57ef5ba450e766035e1908293f7a6ba1a738736fae42b2c66952abb85b",
                "sha256:f43529628894d202c9c036582cceee18736e83bf1593db34ef6117a163e0054d"
            ],
            "version": "==4.2.0"
        },
        "packaging": {
            "hashes": [
                "sha256:09abb1bccd265c01f4a3aa3f7a7db064b36514d2cba19a2f694fe6150451a759",
                "sha256:c228a6dc5e932d346bc5739379109d49e8853dd8223571c7c5b55260edc0b97f"
            ],
            "markers": "python_version >= '3.8'",
            "version": "==24.2"
        },
        "pillow": {
            "hashes": [
                "sha256:015c6e863faa4779251436db398ae75051469f7c903b043a48f078e437656f83",
                "sha256:0a2f91f8a8b367e7a57c6e91cd25af510168091fb89ec5146003e424e1558a96",
                "sha256:11633d58b6ee5733bde153a8dafd25e505ea3d32e261accd388827ee987baf65",
                "sha256:2062ffb1d36544d42fcaa277b069c88b01bb7298f4efa06731a7fd6cc290b81a",
                "sha256:31eba6bbdd27dde97b0174ddf0297d7a9c3a507a8a1480e1e60ef914fe23d352",
                "sha256:3362c6ca227e65c54bf71a5f88b3d4565ff1bcbc63ae72c34b07bbb1cc59a43f",
                "sha256:368da70808b36d73b4b390a8ffac11069f8a5c85f29eff1f1b01bcf3ef5b2a20",
                "sha256:36ba10b9cb413e7c7dfa3e189aba252deee0602c86c309799da5a74009ac7a1c",
                "sha256:3764d53e09cdedd91bee65c2527815d315c6b90d7b8b79759cc48d7bf5d4f114",
                "sha256:3a5fe20a7b66e8135d7fd617b13272626a28278d0e578c98720d9ba4b2439d49",
                "sha256:3cdcdb0b896e981678eee140d882b70092dac83ac1cdf6b3a60e2216a73f2b91",
                "sha256:4637b88343166249fe8aa94e7c4a62a180c4b3898283bb5d3d2fd5fe10d8e4e0",
                "sha256:4db853948ce4e718f2fc775b75c37ba2efb6aaea41a1a5fc57f0af59eee774b2",
                "sha256:4dd43a78897793f60766563969442020e90eb7847463eca901e41ba186a7d4a5",
                "sha256:54251ef02a2309b5eec99d151ebf5c9904b77976c8abdcbce7891ed22df53884",
                "sha256:54ce1c9a16a9561b6d6d8cb30089ab1e5eb66918cb47d457bd996ef34182922e",
                "sha256:593c5fd6be85da83656b93ffcccc2312d2d149d251e98588b14fbc288fd8909c",
                "sha256:5bb94705aea800051a743aa4874bb1397d4695fb0583ba5e425ee0328757f196",
                "sha256:67cd427c68926108778a9005f2a04adbd5e67c442ed21d95389fe1d595458756",
                "sha256:70ca5ef3b3b1c4a0812b5c63c57c23b63e53bc38e758b37a951e5bc466449861",
                "sha256:73ddde795ee9b06257dac5ad42fcb07f3b9b813f8c1f7f870f402f4dc54b5269",
                "sha256:758e9d4ef15d3560214cddbc97b8ef3ef86ce04d62ddac17ad39ba87e89bd3b1",
                "sha256:7d33d2fae0e8b170b6a6c57400e077412240f6f5bb2a342cf1ee512a787942bb",
                "sha256:7fdadc077553621911f27ce206ffcbec7d3f8d7b50e0da39f10997e8e2bb7f6a",
                "sha256:8000376f139d4d38d6851eb149b321a52bb8893a88dae8ee7d95840431977081",
                "sha256:837060a8599b8f5d402e97197d4924f05a2e0d68756998345c829c33186217b1",
                "sha256:89dbdb3e6e9594d512780a5a1c42801879628b38e3efc7038094430844e271d8",
                "sha256:8c730dc3a83e5ac137fbc92dfcfe1511ce3b2b5d7578315b63dbbb76f7f51d90",
                "sha256:8e275ee4cb11c262bd108ab2081f750db2a1c0b8c12c1897f27b160c8bd57bbc",
                "sha256:9044b5e4f7083f209c4e35aa5dd54b1dd5b112b108648f5c902ad586d4f945c5",
                "sha256:93a18841d09bcdd774dcdc308e4537e1f867b3dec059c131fde0327899734aa1",
                "sha256:9409c080586d1f683df3f184f20e36fb647f2e0bc3988094d4fd8c9f4eb1b3b3",
                "sha256:96f82000e12f23e4f29346e42702b6ed9a2f2fea34a740dd5ffffcc8c539eb35",
                "sha256:9aa9aeddeed452b2f616ff5507459e7bab436916ccb10961c4a382cd3e03f47f",
                "sha256:9ee85f0696a17dd28fbcfceb59f9510aa71934b483d1f5601d1030c3c8304f3c",
                "sha256:a07dba04c5e22824816b2615ad7a7484432d7f540e6fa86af60d2de57b0fcee2",
                "sha256:a3cd561ded2cf2bbae44d4605837221b987c216cff94f49dfeed63488bb228d2",
                "sha256:a697cd8ba0383bba3d2d3ada02b34ed268cb548b369943cd349007730c92bddf",
                "sha256:a76da0a31da6fcae4210aa94fd779c65c75786bc9af06289cd1c184451ef7a65",
                "sha256:a85b653980faad27e88b141348707ceeef8a1186f75ecc600c395dcac19f385b",
                "sha256:a8d65b38173085f24bc07f8b6c505cbb7418009fa1a1fcb111b1f4961814a442",
                "sha256:aa8dd43daa836b9a8128dbe7d923423e5ad86f50a7a14dc688194b7be5c0dea2",
                "sha256:ab8a209b8485d3db694fa97a896d96dd6533d63c22829043fd9de627060beade",
                "sha256:abc56501c3fd148d60659aae0af6ddc149660469082859fa7b066a298bde9482",
                "sha256:ad5db5781c774ab9a9b2c4302bbf0c1014960a0a7be63278d13ae6fdf88126fe",
                "sha256:ae98e14432d458fc3de11a77ccb3ae65ddce70f730e7c76140653048c71bfcbc",
                "sha256:b20be51b37a75cc54c2c55def3fa2c65bb94ba859dde241cd0a4fd302de5ae0a",
                "sha256:b523466b1a31d0dcef7c5be1f20b942919b62fd6e9a9be199d035509cbefc0ec",
                "sha256:b5d658fbd9f0d6eea113aea286b21d3cd4d3fd978157cbf2447a6035916506d3",
                "sha256:b6123aa4a59d75f06e9dd3dac5bf8bc9aa383121bb3dd9a7a612e05eabc9961a",
                "sha256:bd165131fd51697e22421d0e467997ad31621b74bfc0b75956608cb2906dda07",
                "sha256:bf902d7413c82a1bfa08b06a070876132a5ae6b2388e2712aab3a7cbc02205c6",
                "sha256:c12fc111ef090845de2bb15009372175d76ac99969bdf31e2ce9b42e4b8cd88f",
                "sha256:c1eec9d950b6fe688edee07138993e54ee4ae634c51443cfb7c1e7613322718e",
                "sha256:c640e5a06869c75994624551f45e5506e4256562ead981cce820d5ab39ae2192",
                "sha256:cc1331b6d5a6e144aeb5e626f4375f5b7ae9934ba620c0ac6b3e43d5e683a0f0",
                "sha256:cfd5cd998c2e36a862d0e27b2df63237e67273f2fc78f47445b14e73a810e7e6",
                "sha256:d3d8da4a631471dfaf94c10c85f5277b1f8e42ac42bade1ac67da4b4a7359b73",
                "sha256:d44ff19eea13ae4acdaaab0179fa68c0c6f2f45d66a4d8ec1eda7d6cecbcc15f",
                "sha256:dd0052e9db3474df30433f83a71b9b23bd9e4ef1de13d92df21a52c0303b8ab6",
                "sha256:dd0e081319328928531df7a0e63621caf67652c8464303fd102141b785ef9547",
                "sha256:dda60aa465b861324e65a78c9f5cf0f4bc713e4309f83bc387be158b077963d9",
                "sha256:e06695e0326d05b06833b40b7ef477e475d0b1ba3a6d27da1bb48c23209bf457",
                "sha256:e1abe69aca89514737465752b4bcaf8016de61b3be1397a8fc260ba33321b3a8",
                "sha256:e267b0ed063341f3e60acd25c05200df4193e15a4a5807075cd71225a2386e26",
                "sha256:e5449ca63da169a2e6068dd0e2fcc8d91f9558aba89ff6d02121ca8ab11e79e5",
                "sha256:e63e4e5081de46517099dc30abe418122f54531a6ae2ebc8680bcd7096860eab",
                "sha256:f189805c8be5ca5add39e6f899e6ce2ed824e65fb45f3c28cb2841911da19070",
                "sha256:f7955ecf5609dee9442cbface754f2c6e541d9e6eda87fad7f7a989b0bdb9d71",
                "sha256:f86d3a7a9af5d826744fabf4afd15b9dfef44fe69a98541f666f66fbb8d3fef9",
                "sha256:fbd43429d0d7ed6533b25fc993861b8fd512c42d04514a0dd6337fb3ccf22761"
            ],
            "version": "==11.1.0"
        },
        "pyarmips": {
            "hashes": [
                "sha256:02ae40b7ff1856497b710efec6483fce15326adad3e32046710d6c245f3d8762",
                "sha256:071a25b81374f5f88d6e1f637eb37795d885a4088374cda90d84e3fdb4f33961",
                "sha256:07cce7c77948631a96292866ad0a4fe25f3e22eae177cb72aa978705b1b05bd8",
                "sha256:0c0b085c3aab1c4e2357b0f3ffc33e2764f5900d138120d312a9ecda7c10dfe5",
                "sha256:10145b338271e874dea2b8a0d9dd905453382524bbbe7ec689ff9f8720d7849b",
                "sha256:11437c7c8860fdb3adb2d2fb10be78c538a3e09bb29e8d406c65b204e55147bc",
                "sha256:11762f541849d9769ad5a9fbc41933882d316d6ff186ad2a225fb81a4c1d251c",
                "sha256:1c6cc5ac435ceca48fcd18ceaaa80b5a22f4b0e45a363cc9d1fee3316f9fda0a",
                "sha256:1e63f673d8c3598c31ddc3fffb662d4faff3722561a0f6ffab4587e25820bf50",
                "sha256:22ddd2301864eee1c273d1d1c85e543e1d2a40754f579ca60c3e30f7efffb44d",
                "sha256:231e9b2fb8778d2a992f0facc1f0d8a36821e6f1a123b0b79579d5e3f5d1ddbb",
                "sha256:2cd879be9a0c3aee25d9aa8438b9fd67a6b78b06b66fe8705da0472d258c9b9c",
                "sha256:2dff13fe6ee05b3c7b762ca0ce0df39c1a952b21f1472dd24fa3be4b95738b1d",
                "sha256:2fac30c40b880c1627d3dcf3550e03375f81afa70b5e18c7c40ac66d65505b7a",
                "sha256:32c1ace3c36f8c27c4d1c0aa900401aac5928c3d5551f6dcc55b7be315fff0ae",
                "sha256:37cff62f2ad55834473ec514e668fcdb1583222780b1158cd356d4285e49ab08",
                "sha256:3e4b49c0bf07280e3a8a67567295432e308dee4f1207db4cdc65f1e7f11bcf16",
                "sha256:3ef31acac710d44279875bf71bd4d0ad7aa9c02881890878fd55497ee1743f13",
                "sha256:3f847a2ea50c72d97a4a14b67a7dd3fbce2f57fba719f324024359e61e52cdc4",
                "sha256:3f9f7bb30b681d7e79552dec095309cf091abdb4a1034a4b8c9fbbb479fe1009",
                "sha256:48978933f47aadc593ae536fd71f04bb7df36967340c86e5eabfe1f0f0e4c312",
                "sha256:4f690b7f00c93f0489fd373e877422be9f3ae7956da41e323958ea03bdf6cc15",
                "sha256:521cc141f63368665f0d345a9639b86504da4ec8a0b6c6ccea6e68348f72aa87",
                "sha256:52ff5d853726f7f7940305a787ce9f688e21459ffdc2a697004073d5cf9702de",
                "sha256:58a4be1c159f18d44fe4fc0608d0514ceccd25cdd3bdb477a6804eaa7228022a",
                "sha256:601754a2e531a73a0efc93601aab68c37cd9bfa84e1da5eb72f7660db05a6ef5",
                "sha256:60fdf233fbbe2c74c6d1bd772b5f9d7d52f24544122dc7b01480dc7c32359b24",
                "sha256:616df63eab9bac264505b666b0e627f7ec44877d0a6d679cedbcaca567e7b56e",
                "sha256:644efb3a10fd258cf17e753e7a7e4500ae5c07c4d5e6b775e0c95086454967c5",
                "sha256:6c4a74d88115032c45595dcd020070b176a337a0b0e83471889c56954b766a4c",
                "sha256:73f989e24dda0b1d391ae4cde8154b62d941bc0aa92b0a36f74dda08b91eb321",
                "sha256:7456bebb85253be9ab562e4db3310f50515e5b8708dae6e9d08494e5fffe26be",
                "sha256:7523acccec9bd1e929642fa30c3bfa150141343cacac4e5720000a291db495b4",
                "sha256:7893667effb95a1292c177e764012d829202e14ac058fef94337d2939c84c9f8",
                "sha256:7a77c8c83603e7fb21a0d25d3744787aeea624e8a02ae31fb51faf5bf1b4a0c6",
                "sha256:7e187b88bb894f9d9a3617a0cfe7f5d5caf42d40300a32192946dffda9d8bd73",
                "sha256:86259e0c67dc43e79fb60bdd84d73c57dfe027fc643520a776c6774677e242fc",
                "sha256:8c168d34bf93aeee6ce2ce3a405dcd1fc13c5f0b0bbee7785f1efa1b923f80ab",
                "sha256:9454e992ca121fb1b3963ce9a4f234022d1164b1aa828434c536fe48fa7a131c",
                "sha256:967fec27df69464dfed0f4cf4dbdf2d9b789dcc6f58c9d6ecf5d2818cf6ebaee",
                "sha256:974773d4eefe1a8b43425d7904d1fbc150ede80d962be08cd0aef23fb388e7ab",
                "sha256:9831cf64486c6ad1116b7d635a6a1186b19527b4cf52d37480b75e2cffe9a1c4",
                "sha256:9ca26211237b8b220181a735567c2a41fff2b45da1aa8851e093c93d8a705531",
                "sha256:9dc3ab5eef699d617bc3ff18a3d8275c2c350b83537865fa82b5086e0a27f586",
                "sha256:a1c610da4ad99bad944298cf83c26f779e7ed27f0015dd31ab30724bc0c6be7a",
                "sha256:a5ee19d5f14fa298963ada494f391401ebfc2d611695861b514e84188a6bf5e4",
                "sha256:ac79b4d216a0ec55873d9ed6f27e28da07e61fe19f0cf22f6d4659d6420085ac",
                "sha256:b5ddbee0f54f6c0627a6da6776261c2b11b057dfe57df72dd023c3e5d7fd5bef",
                "sha256:bc4df2901373950ed1b26948acfc02b923fde4a6e0558421dd0d01cd37feffc9",
                "sha256:bce90a973955d4d9f15017b2638bae6357f386afe66af7f2c5593c8050af9813",
                "sha256:c4220a4ffc9e65400837ec8eb7ea7a338ededfcdaf2dc17b6ab159af2051ec01",
                "sha256:c5c96e3160bb50f52659957d503aca5d5138f3769de0c8f1f7e1eafae0e7f54b",
                "sha256:cd47f06c1fff760db3e908fd45314efbe7720c44c9e816dbf558e468cedfe98c",
                "sha256:cffc665a54e9c762152f839e4bce01ba2c6c1cae200a2424492cde086754dba8",
                "sha256:df5678ee98c5e1ec68b05e444c44d186c16bfb4727abe18ee9154692423d7542",
                "sha256:e03280a0458b5fdb60d8a54f6bdede72bb00697641299c7f25ec9985b4a91b3b",
                "sha256:e08cfd91dd6a80f50b7e57ce8627057c7f0c266aa61d698de2a8781e8dc35d01",
                "sha256:e13576f028c4077e9554c77d922caa51e7e398d90e4f84f7916f5f1730848b4c",
                "sha256:e52043bcbb74e06ae73a8da74b9f7bb8ec98ab0cd7869592b53b18403458a760",
                "sha256:e6ced5f7e96ef23eb6c5c8cfe237ef05bb09d6ffcb9678078a45812d98fd3bb6",
                "sha256:ec697b2b66c4d856b299ae8edc762b66eb3bb04b5828e22c4d7fdc2f230fb925",
                "sha256:f0df8a4a7046ee745f20dcd6db39c8f232bbb14dde6e6e7854485513c2ec720f",
                "sha256:f8ae4ca39537ac55e515724a4196cae04a2b53c9f92b9320d54e632a4b22cf3e"
            ],
            "version": "==0.11.3"
        },
        "pyxdelta": {
            "hashes": [
                "sha256:03d365e9ae859d727a80e248bb011e1b1cccf6a206def1770143beb10b2379f8",
                "sha256:04bcdaeb442821882dafba1aa7267957063d0263da2457907bb12c7f9f1bc3d5",
                "sha256:062f28a2ef6bbb456c72af2fe88c513f6c6babf7a4671544e83a44cb40fe0765",
                "sha256:07fb46a029742cf2930150c00155016632a741f7d1b6e6e8df06eed01033ea60",
                "sha256:0823276d0ed093cbbc08af733ac4825145ad36e56bb557f1559b91d158493239",
                "sha256:0a15cf8d5d8a3712429132538c79d4cf40784e2643eee4b7c045a2e867d489e1",
                "sha256:0afd7ae7d79bdc84eb157cdeed86330c5f07350c832fb166db08ed31fd839302",
                "sha256:121dcb3d141039424489b31c752f5817d529ed09a2f6476aa942728de7b53ad0",
                "sha256:1969fa682fda8c0fb3deb5d034dba1bc395827eeb03885907dd83efcd00d6ade",
                "sha256:25ed6ac896adec1b7c5a293b2870d662e383275c5479f9063a50738613075dc6",
                "sha256:2773cd3e2aaec311e5b33d376570f66bb43035312a4fdd269a975d822f9d085a",
                "sha256:287f83b50db8e65f957afae5ea1166f5982fd36bd2d798b8cacbc22bcf4da35b",
                "sha256:2b4a65a0c947a8a2524bd01f7c2a8d132f341cf35893abcc438a98534bbe520d",
                "sha256:31e62d191b6c3161580ef62fca6dbafab36daa6da1488a3b6502b5d085b04a82",
                "sha256:3266ccbe4e0f35329aa6c9ea9a8f9ec1c0ace8941c1f49ddab1b1d6a52daab63",
                "sha256:32a49b28b879941856cc5a3865df2532d4aaebcce34acb7c2e0abb74e749dbbb",
                "sha256:3ca8421c92e0a22a3c761537d079bef29cc60f6cef94d423100e1ecc9f3c9811",
                "sha256:3fb24f614c73bc4a2d0ee0d0b3c347276fc491e1d413f159d0420fe003444b4e",
                "sha256:43a2076854944de499b36b044cd9f169e8907008bdfcaf1588c7728de8667003",
                "sha256:458831060e5a11138df01942b37146cafb60e4b1ebcafd8f30b2e228b67bce6a",
                "sha256:458db6d4fc82217dc8e7ceb5d2a8268f984b447ce0d0b688357188b80029ea9b",
                "sha256:473e9eeb7883f70248b20d38cfc004b306f8a193e8b7b738cf1757557fd93a0f",
                "sha256:4fec88d463ae2d1b29553f07a240efbff37860bcba8bf331578b73ac733e87f9",
                "sha256:516d807ce22333ef62dd9d5de973340e730c23699f704d711a1e9407f2743705",
                "sha256:5170c03fc4bf900c2e8fdfa39d8621b6a631a4cba271b56d01f3dc9b015ae93e",
                "sha256:5426dc4c1d97ad13332bff8a55e2110296b35e006c57d9477a728067d957ff56",
                "sha256:5559f1a807fcc5deaefdf3aea3319054ebeabe99659da69e021e972074f7e842",
                "sha256:583b3087ecfe11df6f59f5b8ea136402fef2a9833689176ad1aae1ed0743bb55",
                "sha256:60dcd430ab5ca2ff6c727f2ae5c81cdd499a468671d9b8cb3a6a80c85f123e8a",
                "sha256:6309f2d338a0a511eab9b187b3e3ce672ff03163d58d73c9d347f0323f6b7112",
                "sha256:65f64594b3f4216fc7e832dbc42173aaea2fde0b13316a9276fb1b6c317ac95a",
                "sha256:67b857eeae4b474056c596f0d481202e8e681eca707288ec18c6b4399367feea",
                "sha256:6956dac348a3ee55bdf5b176c724961e5fe54012e46a6ae78036bceeb48251b4",
                "sha256:6bd2f0c3f8c4db53a5f45e7f77e012d073621ef78a914d8c85ad2196ff99355c",
                "sha256:71914ac5c0011729697b79812c135378c3102202e92cca405e0b524b6c7d880c",
                "sha256:72a8bbb5ff964503f26d06a74968c2ef78b8425e9401cac6fc816f6ee13390b4",
                "sha256:76f4847740f745baa95431a805da920d5904a264e36b6c2c44a80179ade42a2a",
                "sha256:77bffdf4bdac2f6d1d2ff1e451fc2626321e3026452c54bfbb34943c5ce21a42",
                "sha256:77d713d02b731bc014199abdc7fc9eddc582772986f017a9dfc6f8fab4d98680",
                "sha256:7c50afa79027decc64c6b73929d58d497e905328d8a9c22f403ccb9a1af1f5ab",
                "sha256:7ebd4fb99941b73301eb68c9f1b0d1176a771b28b8bca0481f07af0e53185c1f",
                "sha256:80dedf0a95ecbf6825f3ada10a3035d8d9ba2a8002541d2451a33b793e11d472",
                "sha256:870d3aa7108e770ff079c272928b27d3627695d73f05b4360e6fd8e51a5ff0ee",
                "sha256:87f89b30f822de2542b4a5057571bbe7d342d28629c104ac915c4e5ed47c23e4",
                "sha256:8cce93c110503578b6276a1110661ec8aa360a06798a1a0eccedd6542ee8a26d",
                "sha256:8e09a43c7897929d21c2f730f0ba14aaf2004b09888dbcf09de5ea7505708c67",
                "sha256:906ecec6209fbf83709ebbccead616dedf1ebef1df67dffa924937b41c2b9bfb",
                "sha256:9308e828fcf79422053b549a22322dfc41d584836974cf19e3341766e40072c1",
                "sha256:9329d5c541e04352d7bac793faedd15d7af760475502ed25663a517e7024aed6",
                "sha256:97762382dc76cac8bb79240966440968f13d9efd3a7249a8061ff0e5e26f103e",
                "sha256:997b0e8e21ef434a1c06e6b37c8280693818cf6efa93b4ead9ca30bd022a1f9d",
                "sha256:9f2e81a57a4e0048107e7bae88c2825500b5f8c70d274aa9c07430e5108f60c4",
                "sha256:a3aa20b9434d3bef22b8bc464b88772280230321b39276cd8467f2089d2f6e18",
                "sha256:a410650b95c51645f96cfc5d1e36da98512e8264d43740345c6834e17d480902",
                "sha256:ab30819de587c616b38b4dc425d25846645a310984cc6ba8d8138576d9396ee0",
                "sha256:ab9c686f836d0c419337d427f4282fc15a7c55153b59ff7b8588af27df0b1af7",
                "sha256:aed0c07f50296955ba1fe430a9c85a421c12459942aed91a0c5f0701cc5046cb",
                "sha256:b032e3b0a4dfc976d812d38aeb241172dd27cde41e7019cc01f6c90bb5a6e2b5",
                "sha256:b3e76ff647139e400b355e00a79bf87d608a228dae9c490616f78db036bee7eb",
                "sha256:be8ebdeb3a21a36a0dc78862e995b2ad48e085220e3b977c99f115617826f375",
                "sha256:c07b69b0337d05d9fb1b23a40fb0e9e9e4b623767cf9ddd657a3c9ecf4d32691",
                "sha256:c35b86089b604655f6be62b384d34c40d10a05443059158354215542bc61869f",
                "sha256:c3bbc8b30efd8cd8b8489fdb36325fb3382469c5a8dc2888cfb70c2c78ce5166",
                "sha256:c79d4edd8c4309ac89ce2ab1c3552ab8181b408c29a099498b422a501f9f66e0",
                "sha256:c9465922c347f1d13c7873c87a6d5543076f305e198cf7cc7c1b1f4c05f0a091",
                "sha256:c982df75a9da0ec83bcddb312256173f3245f1bb5cd7dfe5c490d477e0eb205f",
                "sha256:d0dfe10a47d1ef7586fedf7c43d2063523a16ee8cba8df76712db72fde4cc5c5",
                "sha256:d18ad1c1abadef8be65db65fee6c2de2556533d1ab016c42ece4dfe2391639e2",
                "sha256:d73ba837e3a32a51ef738af5c203c791765e6d3024783018171980710295c73c",
                "sha256:dcfc878dd09f60c08b9d367e89dc7b815c98e634feeb1e7838d0a2a2e9cc30af",
                "sha256:dd62e299cdd8787df945ce89b79d40fad020475e9aa6440abc836558e422eef4",
                "sha256:ddf312e0f2bb8c9de3887f4cfa07a74395e8c4db1081d763f25a33fcd61b8644",
                "sha256:dfc511f0d0d3e3ad5b9a2ff77239f9278ea57706abd5adc011634b134a05d6f6",
                "sha256:e34297145aa0ed71526098b7626860971a5cb764c04be8f9b920461348055b3f",
                "sha256:e99e0b3b5e943c7b37cf2352ac1ac6930ae3cd9f6cba71c3703f4b31214a05b9",
                "sha256:eac61181556abe7c09b2fe0e8489427bc251ec4a51e5ad0ac3baaa51370219bf",
                "sha256:ec81e06e56b5886a0f0db835c8a34d5ab1421b2020df4e8d55c91d26ccefc5a6",
                "sha256:f1b6a0552679f2541a42840b920df6f945008b8ac9fe8508e347c834fd33fb17",
                "sha256:f51a321470f42a3ce05ae03371554cf00bc19148d3f7be332c483fbb22cae59f",
                "sha256:fbcd0c5c652fbb8a382acf4464e353e9e54f3d94c723bef1581f18fd355081fc",
                "sha256:fc1718569a58286cf211dd86bfc5de43121bfc0ecbfafdac5556ea1f6c24d59e",
                "sha256:fea521df414fd00c8c0442fd07891171221891ddbc9dcd5819a4b1b9cf05b5ae"
            ],
            "version": "==0.2.1"
        },
        "tqdm": {
            "hashes": [
                "sha256:26445eca388f82e72884e0d580d5464cd801a3ea01e63e5601bdff9ba6a48de2",
                "sha256:f8aef9c52c08c13a65f30ea34f4e5aac3fd1a34959879d7e59e63027286627f2"
            ],
            "version": "==4.67.1"
        }
    },
    "develop": {}
}
